// !$*UTF8*$!
{
	archiveVersion = 1;
	classes = {
	};
	objectVersion = 46;
	objects = {

/* Begin PBXBuildFile section */
		5705DF311A4DFE7C00C3DB01 /* ModelSquare.swift in Sources */ = {isa = PBXBuildFile; fileRef = 5705DF301A4DFE7C00C3DB01 /* ModelSquare.swift */; };
		5705DF341A4E14B000C3DB01 /* ModelSquareTests.swift in Sources */ = {isa = PBXBuildFile; fileRef = 5705DF331A4E14B000C3DB01 /* ModelSquareTests.swift */; };
		573620411A7C1EF700086A1E /* MIXCoreHelperTests.swift in Sources */ = {isa = PBXBuildFile; fileRef = 573620401A7C1EF700086A1E /* MIXCoreHelperTests.swift */; };
		5743AEAC1A4ACFAB0087D033 /* ModelBoard.swift in Sources */ = {isa = PBXBuildFile; fileRef = 5743AEAB1A4ACFAB0087D033 /* ModelBoard.swift */; };
		5743AEB21A4B7DF00087D033 /* ModelPlayer.swift in Sources */ = {isa = PBXBuildFile; fileRef = 5743AEB11A4B7DF00087D033 /* ModelPlayer.swift */; };
		5743AEB41A4B7FAF0087D033 /* ModelPlayerTests.swift in Sources */ = {isa = PBXBuildFile; fileRef = 5743AEB31A4B7FAF0087D033 /* ModelPlayerTests.swift */; };
		5744E5201A374B1D00F2812B /* GameView.swift in Sources */ = {isa = PBXBuildFile; fileRef = 5744E51F1A374B1D00F2812B /* GameView.swift */; };
		574588081A174F3700BBADCE /* MIXAppDelegate.swift in Sources */ = {isa = PBXBuildFile; fileRef = 574588071A174F3700BBADCE /* MIXAppDelegate.swift */; };
		57943FEF1A49DD9400744ABE /* GameBackgroundView.swift in Sources */ = {isa = PBXBuildFile; fileRef = 57943FEE1A49DD9400744ABE /* GameBackgroundView.swift */; };
		57943FF21A49E4EF00744ABE /* ModelBoardTests.swift in Sources */ = {isa = PBXBuildFile; fileRef = 57943FF11A49E4EF00744ABE /* ModelBoardTests.swift */; };
		579FF8521A53202F00730D92 /* MIXCoreBoardTests.swift in Sources */ = {isa = PBXBuildFile; fileRef = 579FF8511A53202F00730D92 /* MIXCoreBoardTests.swift */; };
		579FF8551A53243700730D92 /* MIXCoreBoard_privateTests.swift in Sources */ = {isa = PBXBuildFile; fileRef = 579FF8541A53243700730D92 /* MIXCoreBoard_privateTests.swift */; };
		57C207FA1A489917002DAFB3 /* GamePieceView.swift in Sources */ = {isa = PBXBuildFile; fileRef = 57C207F91A489917002DAFB3 /* GamePieceView.swift */; };
		57D21AB31A0FF52E00D1ABBC /* MIXViewController.swift in Sources */ = {isa = PBXBuildFile; fileRef = 57D21AB21A0FF52E00D1ABBC /* MIXViewController.swift */; };
		A10DC19E17A3FD3900E42832 /* MixCoreBoard_private.c in Sources */ = {isa = PBXBuildFile; fileRef = A10DC19D17A3FD3900E42832 /* MixCoreBoard_private.c */; };
		AA040637176F9DF40051363A /* Foundation.framework in Frameworks */ = {isa = PBXBuildFile; fileRef = AA040636176F9DF40051363A /* Foundation.framework */; };
		AA040639176F9DF40051363A /* CoreGraphics.framework in Frameworks */ = {isa = PBXBuildFile; fileRef = AA040638176F9DF40051363A /* CoreGraphics.framework */; };
		AA04063B176F9DF40051363A /* UIKit.framework in Frameworks */ = {isa = PBXBuildFile; fileRef = AA04063A176F9DF40051363A /* UIKit.framework */; };
		AA040641176F9DF40051363A /* InfoPlist.strings in Resources */ = {isa = PBXBuildFile; fileRef = AA04063F176F9DF40051363A /* InfoPlist.strings */; };
		AA04064A176F9DF40051363A /* Main.storyboard in Resources */ = {isa = PBXBuildFile; fileRef = AA040648176F9DF40051363A /* Main.storyboard */; };
		AA04064F176F9DF40051363A /* Images.xcassets in Resources */ = {isa = PBXBuildFile; fileRef = AA04064E176F9DF40051363A /* Images.xcassets */; };
		AA040656176F9DF40051363A /* XCTest.framework in Frameworks */ = {isa = PBXBuildFile; fileRef = AA040655176F9DF40051363A /* XCTest.framework */; };
		AA040657176F9DF40051363A /* Foundation.framework in Frameworks */ = {isa = PBXBuildFile; fileRef = AA040636176F9DF40051363A /* Foundation.framework */; };
		AA040658176F9DF40051363A /* UIKit.framework in Frameworks */ = {isa = PBXBuildFile; fileRef = AA04063A176F9DF40051363A /* UIKit.framework */; };
		AA040660176F9DF40051363A /* InfoPlist.strings in Resources */ = {isa = PBXBuildFile; fileRef = AA04065E176F9DF40051363A /* InfoPlist.strings */; };
		AA04066E176FA5F70051363A /* MIXCoreBoard.c in Sources */ = {isa = PBXBuildFile; fileRef = AA04066D176FA5F70051363A /* MIXCoreBoard.c */; settings = {COMPILER_FLAGS = "-Wno-missing-field-initializers -Wno-missing-braces"; }; };
		AAE463AB1772657700008778 /* MIXCoreHelper.c in Sources */ = {isa = PBXBuildFile; fileRef = AAE463AA1772657700008778 /* MIXCoreHelper.c */; };
		CB63B25F8023150F93275209 /* MIXCore.c in Sources */ = {isa = PBXBuildFile; fileRef = CB63B827737C40F9984DE3AA /* MIXCore.c */; };
		CB63B3EEE1E68BD0344DD3E0 /* ModelMove.swift in Sources */ = {isa = PBXBuildFile; fileRef = CB63BC8D4EBA3A20D132D90A /* ModelMove.swift */; };
		CB63B885CCB2E6807CFA6772 /* ModelMoveTests.swift in Sources */ = {isa = PBXBuildFile; fileRef = CB63BF904B1FED6132F89868 /* ModelMoveTests.swift */; };
/* End PBXBuildFile section */

/* Begin PBXContainerItemProxy section */
		AA040659176F9DF40051363A /* PBXContainerItemProxy */ = {
			isa = PBXContainerItemProxy;
			containerPortal = AA04062B176F9DF40051363A /* Project object */;
			proxyType = 1;
			remoteGlobalIDString = AA040632176F9DF40051363A;
			remoteInfo = mixtour;
		};
/* End PBXContainerItemProxy section */

/* Begin PBXFileReference section */
		5705DF301A4DFE7C00C3DB01 /* ModelSquare.swift */ = {isa = PBXFileReference; fileEncoding = 4; lastKnownFileType = sourcecode.swift; path = ModelSquare.swift; sourceTree = "<group>"; };
		5705DF331A4E14B000C3DB01 /* ModelSquareTests.swift */ = {isa = PBXFileReference; fileEncoding = 4; lastKnownFileType = sourcecode.swift; path = ModelSquareTests.swift; sourceTree = "<group>"; };
		573620401A7C1EF700086A1E /* MIXCoreHelperTests.swift */ = {isa = PBXFileReference; fileEncoding = 4; lastKnownFileType = sourcecode.swift; path = MIXCoreHelperTests.swift; sourceTree = "<group>"; };
		5743AEAB1A4ACFAB0087D033 /* ModelBoard.swift */ = {isa = PBXFileReference; fileEncoding = 4; lastKnownFileType = sourcecode.swift; path = ModelBoard.swift; sourceTree = "<group>"; };
		5743AEB11A4B7DF00087D033 /* ModelPlayer.swift */ = {isa = PBXFileReference; fileEncoding = 4; lastKnownFileType = sourcecode.swift; path = ModelPlayer.swift; sourceTree = "<group>"; };
		5743AEB31A4B7FAF0087D033 /* ModelPlayerTests.swift */ = {isa = PBXFileReference; fileEncoding = 4; lastKnownFileType = sourcecode.swift; path = ModelPlayerTests.swift; sourceTree = "<group>"; };
		5744E51F1A374B1D00F2812B /* GameView.swift */ = {isa = PBXFileReference; fileEncoding = 4; lastKnownFileType = sourcecode.swift; path = GameView.swift; sourceTree = "<group>"; };
		574588071A174F3700BBADCE /* MIXAppDelegate.swift */ = {isa = PBXFileReference; fileEncoding = 4; lastKnownFileType = sourcecode.swift; path = MIXAppDelegate.swift; sourceTree = "<group>"; };
		57943FEE1A49DD9400744ABE /* GameBackgroundView.swift */ = {isa = PBXFileReference; fileEncoding = 4; lastKnownFileType = sourcecode.swift; path = GameBackgroundView.swift; sourceTree = "<group>"; };
		57943FF01A49E4EE00744ABE /* mixtourTests-Bridging-Header.h */ = {isa = PBXFileReference; lastKnownFileType = sourcecode.c.h; path = "mixtourTests-Bridging-Header.h"; sourceTree = "<group>"; };
		57943FF11A49E4EF00744ABE /* ModelBoardTests.swift */ = {isa = PBXFileReference; fileEncoding = 4; lastKnownFileType = sourcecode.swift; path = ModelBoardTests.swift; sourceTree = "<group>"; };
		579FF8511A53202F00730D92 /* MIXCoreBoardTests.swift */ = {isa = PBXFileReference; fileEncoding = 4; lastKnownFileType = sourcecode.swift; path = MIXCoreBoardTests.swift; sourceTree = "<group>"; };
		579FF8541A53243700730D92 /* MIXCoreBoard_privateTests.swift */ = {isa = PBXFileReference; fileEncoding = 4; lastKnownFileType = sourcecode.swift; path = MIXCoreBoard_privateTests.swift; sourceTree = "<group>"; };
		57C207F91A489917002DAFB3 /* GamePieceView.swift */ = {isa = PBXFileReference; fileEncoding = 4; lastKnownFileType = sourcecode.swift; path = GamePieceView.swift; sourceTree = "<group>"; };
		57D21AB11A0FF52D00D1ABBC /* mixtour-Bridging-Header.h */ = {isa = PBXFileReference; lastKnownFileType = sourcecode.c.h; path = "mixtour-Bridging-Header.h"; sourceTree = "<group>"; };
		57D21AB21A0FF52E00D1ABBC /* MIXViewController.swift */ = {isa = PBXFileReference; fileEncoding = 4; lastKnownFileType = sourcecode.swift; path = MIXViewController.swift; sourceTree = "<group>"; };
		A10DC19C17A3FD1100E42832 /* MixCoreBoard_private.h */ = {isa = PBXFileReference; fileEncoding = 4; lastKnownFileType = sourcecode.c.h; path = MixCoreBoard_private.h; sourceTree = "<group>"; };
		A10DC19D17A3FD3900E42832 /* MixCoreBoard_private.c */ = {isa = PBXFileReference; fileEncoding = 4; lastKnownFileType = sourcecode.c.c; path = MixCoreBoard_private.c; sourceTree = "<group>"; };
		AA040633176F9DF40051363A /* mixtour.app */ = {isa = PBXFileReference; explicitFileType = wrapper.application; includeInIndex = 0; path = mixtour.app; sourceTree = BUILT_PRODUCTS_DIR; };
		AA040636176F9DF40051363A /* Foundation.framework */ = {isa = PBXFileReference; lastKnownFileType = wrapper.framework; name = Foundation.framework; path = System/Library/Frameworks/Foundation.framework; sourceTree = SDKROOT; };
		AA040638176F9DF40051363A /* CoreGraphics.framework */ = {isa = PBXFileReference; lastKnownFileType = wrapper.framework; name = CoreGraphics.framework; path = System/Library/Frameworks/CoreGraphics.framework; sourceTree = SDKROOT; };
		AA04063A176F9DF40051363A /* UIKit.framework */ = {isa = PBXFileReference; lastKnownFileType = wrapper.framework; name = UIKit.framework; path = System/Library/Frameworks/UIKit.framework; sourceTree = SDKROOT; };
		AA04063E176F9DF40051363A /* mixtour-Info.plist */ = {isa = PBXFileReference; lastKnownFileType = text.plist.xml; path = "mixtour-Info.plist"; sourceTree = "<group>"; };
		AA040640176F9DF40051363A /* en */ = {isa = PBXFileReference; lastKnownFileType = text.plist.strings; name = en; path = en.lproj/InfoPlist.strings; sourceTree = "<group>"; };
		AA040649176F9DF40051363A /* Base */ = {isa = PBXFileReference; lastKnownFileType = file.storyboard; name = Base; path = Base.lproj/Main.storyboard; sourceTree = "<group>"; };
		AA04064E176F9DF40051363A /* Images.xcassets */ = {isa = PBXFileReference; lastKnownFileType = folder.assetcatalog; path = Images.xcassets; sourceTree = "<group>"; };
		AA040654176F9DF40051363A /* mixtourTests.xctest */ = {isa = PBXFileReference; explicitFileType = wrapper.cfbundle; includeInIndex = 0; path = mixtourTests.xctest; sourceTree = BUILT_PRODUCTS_DIR; };
		AA040655176F9DF40051363A /* XCTest.framework */ = {isa = PBXFileReference; lastKnownFileType = wrapper.framework; name = XCTest.framework; path = Library/Frameworks/XCTest.framework; sourceTree = DEVELOPER_DIR; };
		AA04065D176F9DF40051363A /* mixtourTests-Info.plist */ = {isa = PBXFileReference; lastKnownFileType = text.plist.xml; path = "mixtourTests-Info.plist"; sourceTree = "<group>"; };
		AA04065F176F9DF40051363A /* en */ = {isa = PBXFileReference; lastKnownFileType = text.plist.strings; name = en; path = en.lproj/InfoPlist.strings; sourceTree = "<group>"; };
		AA04066D176FA5F70051363A /* MIXCoreBoard.c */ = {isa = PBXFileReference; fileEncoding = 4; lastKnownFileType = sourcecode.c.c; lineEnding = 0; path = MIXCoreBoard.c; sourceTree = "<group>"; xcLanguageSpecificationIdentifier = xcode.lang.c; };
		AA04066F176FA68F0051363A /* MIXCoreBoard.h */ = {isa = PBXFileReference; fileEncoding = 4; lastKnownFileType = sourcecode.c.h; lineEnding = 0; path = MIXCoreBoard.h; sourceTree = "<group>"; xcLanguageSpecificationIdentifier = xcode.lang.objcpp; };
		AA28392B1770EB3A00F229F7 /* MIXCore.h */ = {isa = PBXFileReference; fileEncoding = 4; lastKnownFileType = sourcecode.c.h; path = MIXCore.h; sourceTree = "<group>"; };
		AAE463AA1772657700008778 /* MIXCoreHelper.c */ = {isa = PBXFileReference; fileEncoding = 4; lastKnownFileType = sourcecode.c.c; path = MIXCoreHelper.c; sourceTree = "<group>"; };
		AAE463AC1772658800008778 /* MIXCoreHelper.h */ = {isa = PBXFileReference; lastKnownFileType = sourcecode.c.h; path = MIXCoreHelper.h; sourceTree = "<group>"; };
		CB63B827737C40F9984DE3AA /* MIXCore.c */ = {isa = PBXFileReference; fileEncoding = 4; lastKnownFileType = sourcecode.c.c; path = MIXCore.c; sourceTree = "<group>"; };
		CB63BC8D4EBA3A20D132D90A /* ModelMove.swift */ = {isa = PBXFileReference; fileEncoding = 4; lastKnownFileType = sourcecode.swift; path = ModelMove.swift; sourceTree = "<group>"; };
		CB63BF904B1FED6132F89868 /* ModelMoveTests.swift */ = {isa = PBXFileReference; fileEncoding = 4; lastKnownFileType = sourcecode.swift; path = ModelMoveTests.swift; sourceTree = "<group>"; };
/* End PBXFileReference section */

/* Begin PBXFrameworksBuildPhase section */
		AA040630176F9DF40051363A /* Frameworks */ = {
			isa = PBXFrameworksBuildPhase;
			buildActionMask = 2147483647;
			files = (
				AA040639176F9DF40051363A /* CoreGraphics.framework in Frameworks */,
				AA04063B176F9DF40051363A /* UIKit.framework in Frameworks */,
				AA040637176F9DF40051363A /* Foundation.framework in Frameworks */,
			);
			runOnlyForDeploymentPostprocessing = 0;
		};
		AA040651176F9DF40051363A /* Frameworks */ = {
			isa = PBXFrameworksBuildPhase;
			buildActionMask = 2147483647;
			files = (
				AA040656176F9DF40051363A /* XCTest.framework in Frameworks */,
				AA040658176F9DF40051363A /* UIKit.framework in Frameworks */,
				AA040657176F9DF40051363A /* Foundation.framework in Frameworks */,
			);
			runOnlyForDeploymentPostprocessing = 0;
		};
/* End PBXFrameworksBuildPhase section */

/* Begin PBXGroup section */
		AA04062A176F9DF40051363A = {
			isa = PBXGroup;
			children = (
				AA04063C176F9DF40051363A /* mixtour */,
				AA04065B176F9DF40051363A /* mixtourTests */,
				AA040635176F9DF40051363A /* Frameworks */,
				AA040634176F9DF40051363A /* Products */,
			);
			sourceTree = "<group>";
		};
		AA040634176F9DF40051363A /* Products */ = {
			isa = PBXGroup;
			children = (
				AA040633176F9DF40051363A /* mixtour.app */,
				AA040654176F9DF40051363A /* mixtourTests.xctest */,
			);
			name = Products;
			sourceTree = "<group>";
		};
		AA040635176F9DF40051363A /* Frameworks */ = {
			isa = PBXGroup;
			children = (
				AA040636176F9DF40051363A /* Foundation.framework */,
				AA040638176F9DF40051363A /* CoreGraphics.framework */,
				AA04063A176F9DF40051363A /* UIKit.framework */,
				AA040655176F9DF40051363A /* XCTest.framework */,
			);
			name = Frameworks;
			sourceTree = "<group>";
		};
		AA04063C176F9DF40051363A /* mixtour */ = {
			isa = PBXGroup;
			children = (
				AA04066B176FA1AB0051363A /* core */,
				AA2839261770A6D700F229F7 /* model */,
				AA9E4A9917769277007CEA4B /* gameviews */,
				574588071A174F3700BBADCE /* MIXAppDelegate.swift */,
				AA040648176F9DF40051363A /* Main.storyboard */,
				57D21AB21A0FF52E00D1ABBC /* MIXViewController.swift */,
				57D21AB11A0FF52D00D1ABBC /* mixtour-Bridging-Header.h */,
				AA04064E176F9DF40051363A /* Images.xcassets */,
				AA04063D176F9DF40051363A /* Supporting Files */,
			);
			path = mixtour;
			sourceTree = "<group>";
		};
		AA04063D176F9DF40051363A /* Supporting Files */ = {
			isa = PBXGroup;
			children = (
				AA04063E176F9DF40051363A /* mixtour-Info.plist */,
				AA04063F176F9DF40051363A /* InfoPlist.strings */,
			);
			name = "Supporting Files";
			sourceTree = "<group>";
		};
		AA04065B176F9DF40051363A /* mixtourTests */ = {
			isa = PBXGroup;
			children = (
				AA040670176FB39D0051363A /* core */,
				AA2839271770A71F00F229F7 /* model */,
				AA04065C176F9DF40051363A /* Supporting Files */,
			);
			path = mixtourTests;
			sourceTree = "<group>";
		};
		AA04065C176F9DF40051363A /* Supporting Files */ = {
			isa = PBXGroup;
			children = (
				AA04065D176F9DF40051363A /* mixtourTests-Info.plist */,
				AA04065E176F9DF40051363A /* InfoPlist.strings */,
			);
			name = "Supporting Files";
			sourceTree = "<group>";
		};
		AA04066B176FA1AB0051363A /* core */ = {
			isa = PBXGroup;
			children = (
				AA28392B1770EB3A00F229F7 /* MIXCore.h */,
				AA04066F176FA68F0051363A /* MIXCoreBoard.h */,
				AA04066D176FA5F70051363A /* MIXCoreBoard.c */,
				A10DC19C17A3FD1100E42832 /* MixCoreBoard_private.h */,
				A10DC19D17A3FD3900E42832 /* MixCoreBoard_private.c */,
				AAE463AC1772658800008778 /* MIXCoreHelper.h */,
				AAE463AA1772657700008778 /* MIXCoreHelper.c */,
				CB63B827737C40F9984DE3AA /* MIXCore.c */,
			);
			path = core;
			sourceTree = "<group>";
		};
		AA040670176FB39D0051363A /* core */ = {
			isa = PBXGroup;
			children = (
				579FF8511A53202F00730D92 /* MIXCoreBoardTests.swift */,
				579FF8541A53243700730D92 /* MIXCoreBoard_privateTests.swift */,
				573620401A7C1EF700086A1E /* MIXCoreHelperTests.swift */,
			);
			path = core;
			sourceTree = "<group>";
		};
		AA2839261770A6D700F229F7 /* model */ = {
			isa = PBXGroup;
			children = (
				5743AEAB1A4ACFAB0087D033 /* ModelBoard.swift */,
				5743AEB11A4B7DF00087D033 /* ModelPlayer.swift */,
				5705DF301A4DFE7C00C3DB01 /* ModelSquare.swift */,
				CB63BC8D4EBA3A20D132D90A /* ModelMove.swift */,
			);
			path = model;
			sourceTree = "<group>";
		};
		AA2839271770A71F00F229F7 /* model */ = {
			isa = PBXGroup;
			children = (
				57943FF11A49E4EF00744ABE /* ModelBoardTests.swift */,
				5743AEB31A4B7FAF0087D033 /* ModelPlayerTests.swift */,
				5705DF331A4E14B000C3DB01 /* ModelSquareTests.swift */,
				57943FF01A49E4EE00744ABE /* mixtourTests-Bridging-Header.h */,
				CB63BF904B1FED6132F89868 /* ModelMoveTests.swift */,
			);
			path = model;
			sourceTree = "<group>";
		};
		AA9E4A9917769277007CEA4B /* gameviews */ = {
			isa = PBXGroup;
			children = (
				57943FEE1A49DD9400744ABE /* GameBackgroundView.swift */,
				57C207F91A489917002DAFB3 /* GamePieceView.swift */,
				5744E51F1A374B1D00F2812B /* GameView.swift */,
			);
			path = gameviews;
			sourceTree = "<group>";
		};
/* End PBXGroup section */

/* Begin PBXNativeTarget section */
		AA040632176F9DF40051363A /* mixtour */ = {
			isa = PBXNativeTarget;
			buildConfigurationList = AA040665176F9DF40051363A /* Build configuration list for PBXNativeTarget "mixtour" */;
			buildPhases = (
				AA04062F176F9DF40051363A /* Sources */,
				AA040630176F9DF40051363A /* Frameworks */,
				AA040631176F9DF40051363A /* Resources */,
			);
			buildRules = (
			);
			dependencies = (
			);
			name = mixtour;
			productName = mixtour;
			productReference = AA040633176F9DF40051363A /* mixtour.app */;
			productType = "com.apple.product-type.application";
		};
		AA040653176F9DF40051363A /* mixtourTests */ = {
			isa = PBXNativeTarget;
			buildConfigurationList = AA040668176F9DF40051363A /* Build configuration list for PBXNativeTarget "mixtourTests" */;
			buildPhases = (
				AA040650176F9DF40051363A /* Sources */,
				AA040651176F9DF40051363A /* Frameworks */,
				AA040652176F9DF40051363A /* Resources */,
			);
			buildRules = (
			);
			dependencies = (
				AA04065A176F9DF40051363A /* PBXTargetDependency */,
			);
			name = mixtourTests;
			productName = mixtourTests;
			productReference = AA040654176F9DF40051363A /* mixtourTests.xctest */;
			productType = "com.apple.product-type.bundle.unit-test";
		};
/* End PBXNativeTarget section */

/* Begin PBXProject section */
		AA04062B176F9DF40051363A /* Project object */ = {
			isa = PBXProject;
			attributes = {
				CLASSPREFIX = MIX;
				LastSwiftUpdateCheck = 0700;
				LastUpgradeCheck = 0720;
				ORGANIZATIONNAME = "Carsten Wenderdel";
				TargetAttributes = {
					AA040653176F9DF40051363A = {
						TestTargetID = AA040632176F9DF40051363A;
					};
				};
			};
			buildConfigurationList = AA04062E176F9DF40051363A /* Build configuration list for PBXProject "mixtour" */;
			compatibilityVersion = "Xcode 3.2";
			developmentRegion = English;
			hasScannedForEncodings = 0;
			knownRegions = (
				en,
				Base,
			);
			mainGroup = AA04062A176F9DF40051363A;
			productRefGroup = AA040634176F9DF40051363A /* Products */;
			projectDirPath = "";
			projectRoot = "";
			targets = (
				AA040632176F9DF40051363A /* mixtour */,
				AA040653176F9DF40051363A /* mixtourTests */,
			);
		};
/* End PBXProject section */

/* Begin PBXResourcesBuildPhase section */
		AA040631176F9DF40051363A /* Resources */ = {
			isa = PBXResourcesBuildPhase;
			buildActionMask = 2147483647;
			files = (
				AA04064F176F9DF40051363A /* Images.xcassets in Resources */,
				AA040641176F9DF40051363A /* InfoPlist.strings in Resources */,
				AA04064A176F9DF40051363A /* Main.storyboard in Resources */,
			);
			runOnlyForDeploymentPostprocessing = 0;
		};
		AA040652176F9DF40051363A /* Resources */ = {
			isa = PBXResourcesBuildPhase;
			buildActionMask = 2147483647;
			files = (
				AA040660176F9DF40051363A /* InfoPlist.strings in Resources */,
			);
			runOnlyForDeploymentPostprocessing = 0;
		};
/* End PBXResourcesBuildPhase section */

/* Begin PBXSourcesBuildPhase section */
		AA04062F176F9DF40051363A /* Sources */ = {
			isa = PBXSourcesBuildPhase;
			buildActionMask = 2147483647;
			files = (
				AA04066E176FA5F70051363A /* MIXCoreBoard.c in Sources */,
				57943FEF1A49DD9400744ABE /* GameBackgroundView.swift in Sources */,
				AAE463AB1772657700008778 /* MIXCoreHelper.c in Sources */,
				574588081A174F3700BBADCE /* MIXAppDelegate.swift in Sources */,
				5744E5201A374B1D00F2812B /* GameView.swift in Sources */,
				57C207FA1A489917002DAFB3 /* GamePieceView.swift in Sources */,
				5705DF311A4DFE7C00C3DB01 /* ModelSquare.swift in Sources */,
				5743AEAC1A4ACFAB0087D033 /* ModelBoard.swift in Sources */,
				A10DC19E17A3FD3900E42832 /* MixCoreBoard_private.c in Sources */,
				57D21AB31A0FF52E00D1ABBC /* MIXViewController.swift in Sources */,
				5743AEB21A4B7DF00087D033 /* ModelPlayer.swift in Sources */,
				CB63B25F8023150F93275209 /* MIXCore.c in Sources */,
				CB63B3EEE1E68BD0344DD3E0 /* ModelMove.swift in Sources */,
			);
			runOnlyForDeploymentPostprocessing = 0;
		};
		AA040650176F9DF40051363A /* Sources */ = {
			isa = PBXSourcesBuildPhase;
			buildActionMask = 2147483647;
			files = (
				579FF8521A53202F00730D92 /* MIXCoreBoardTests.swift in Sources */,
				5743AEB41A4B7FAF0087D033 /* ModelPlayerTests.swift in Sources */,
				579FF8551A53243700730D92 /* MIXCoreBoard_privateTests.swift in Sources */,
				5705DF341A4E14B000C3DB01 /* ModelSquareTests.swift in Sources */,
				57943FF21A49E4EF00744ABE /* ModelBoardTests.swift in Sources */,
				573620411A7C1EF700086A1E /* MIXCoreHelperTests.swift in Sources */,
				CB63B885CCB2E6807CFA6772 /* ModelMoveTests.swift in Sources */,
			);
			runOnlyForDeploymentPostprocessing = 0;
		};
/* End PBXSourcesBuildPhase section */

/* Begin PBXTargetDependency section */
		AA04065A176F9DF40051363A /* PBXTargetDependency */ = {
			isa = PBXTargetDependency;
			target = AA040632176F9DF40051363A /* mixtour */;
			targetProxy = AA040659176F9DF40051363A /* PBXContainerItemProxy */;
		};
/* End PBXTargetDependency section */

/* Begin PBXVariantGroup section */
		AA04063F176F9DF40051363A /* InfoPlist.strings */ = {
			isa = PBXVariantGroup;
			children = (
				AA040640176F9DF40051363A /* en */,
			);
			name = InfoPlist.strings;
			sourceTree = "<group>";
		};
		AA040648176F9DF40051363A /* Main.storyboard */ = {
			isa = PBXVariantGroup;
			children = (
				AA040649176F9DF40051363A /* Base */,
			);
			name = Main.storyboard;
			sourceTree = "<group>";
		};
		AA04065E176F9DF40051363A /* InfoPlist.strings */ = {
			isa = PBXVariantGroup;
			children = (
				AA04065F176F9DF40051363A /* en */,
			);
			name = InfoPlist.strings;
			sourceTree = "<group>";
		};
/* End PBXVariantGroup section */

/* Begin XCBuildConfiguration section */
		AA040663176F9DF40051363A /* Debug */ = {
			isa = XCBuildConfiguration;
			buildSettings = {
				ALWAYS_SEARCH_USER_PATHS = NO;
				CLANG_CXX_LANGUAGE_STANDARD = "gnu++0x";
				CLANG_CXX_LIBRARY = "libc++";
				CLANG_ENABLE_MODULES = YES;
				CLANG_ENABLE_OBJC_ARC = YES;
				CLANG_WARN_BOOL_CONVERSION = YES;
				CLANG_WARN_CONSTANT_CONVERSION = YES;
				CLANG_WARN_DIRECT_OBJC_ISA_USAGE = YES_ERROR;
				CLANG_WARN_EMPTY_BODY = YES;
				CLANG_WARN_ENUM_CONVERSION = YES;
				CLANG_WARN_INT_CONVERSION = YES;
				CLANG_WARN_OBJC_ROOT_CLASS = YES_ERROR;
				CLANG_WARN_UNREACHABLE_CODE = YES;
				CLANG_WARN__DUPLICATE_METHOD_MATCH = YES;
				"CODE_SIGN_IDENTITY[sdk=iphoneos*]" = "iPhone Developer";
				COPY_PHASE_STRIP = NO;
				DEBUG_INFORMATION_FORMAT = dwarf;
				ENABLE_STRICT_OBJC_MSGSEND = YES;
				ENABLE_TESTABILITY = YES;
				GCC_C_LANGUAGE_STANDARD = gnu99;
				GCC_DYNAMIC_NO_PIC = NO;
				GCC_OPTIMIZATION_LEVEL = 0;
				GCC_PREPROCESSOR_DEFINITIONS = (
					"DEBUG=1",
					"$(inherited)",
				);
				GCC_WARN_64_TO_32_BIT_CONVERSION = YES;
				GCC_WARN_ABOUT_MISSING_NEWLINE = YES;
				GCC_WARN_ABOUT_RETURN_TYPE = YES_ERROR;
				GCC_WARN_UNDECLARED_SELECTOR = YES;
				GCC_WARN_UNINITIALIZED_AUTOS = YES_AGGRESSIVE;
				GCC_WARN_UNUSED_FUNCTION = YES;
				GCC_WARN_UNUSED_VARIABLE = YES;
				IPHONEOS_DEPLOYMENT_TARGET = 9.0;
				ONLY_ACTIVE_ARCH = YES;
				SDKROOT = iphoneos;
				SWIFT_OPTIMIZATION_LEVEL = "-Onone";
			};
			name = Debug;
		};
		AA040664176F9DF40051363A /* Release */ = {
			isa = XCBuildConfiguration;
			buildSettings = {
				ALWAYS_SEARCH_USER_PATHS = NO;
				CLANG_CXX_LANGUAGE_STANDARD = "gnu++0x";
				CLANG_CXX_LIBRARY = "libc++";
				CLANG_ENABLE_MODULES = YES;
				CLANG_ENABLE_OBJC_ARC = YES;
				CLANG_WARN_BOOL_CONVERSION = YES;
				CLANG_WARN_CONSTANT_CONVERSION = YES;
				CLANG_WARN_DIRECT_OBJC_ISA_USAGE = YES_ERROR;
				CLANG_WARN_EMPTY_BODY = YES;
				CLANG_WARN_ENUM_CONVERSION = YES;
				CLANG_WARN_INT_CONVERSION = YES;
				CLANG_WARN_OBJC_ROOT_CLASS = YES_ERROR;
				CLANG_WARN_UNREACHABLE_CODE = YES;
				CLANG_WARN__DUPLICATE_METHOD_MATCH = YES;
				"CODE_SIGN_IDENTITY[sdk=iphoneos*]" = "iPhone Developer";
				COPY_PHASE_STRIP = YES;
				ENABLE_NS_ASSERTIONS = NO;
				ENABLE_STRICT_OBJC_MSGSEND = YES;
				GCC_C_LANGUAGE_STANDARD = gnu99;
				GCC_WARN_64_TO_32_BIT_CONVERSION = YES;
				GCC_WARN_ABOUT_MISSING_NEWLINE = YES;
				GCC_WARN_ABOUT_RETURN_TYPE = YES_ERROR;
				GCC_WARN_UNDECLARED_SELECTOR = YES;
				GCC_WARN_UNINITIALIZED_AUTOS = YES_AGGRESSIVE;
				GCC_WARN_UNUSED_FUNCTION = YES;
				GCC_WARN_UNUSED_VARIABLE = YES;
				IPHONEOS_DEPLOYMENT_TARGET = 9.0;
				SDKROOT = iphoneos;
				SWIFT_OPTIMIZATION_LEVEL = "-Owholemodule";
				VALIDATE_PRODUCT = YES;
			};
			name = Release;
		};
		AA040666176F9DF40051363A /* Debug */ = {
			isa = XCBuildConfiguration;
			buildSettings = {
				ASSETCATALOG_COMPILER_APPICON_NAME = AppIcon;
				ASSETCATALOG_COMPILER_LAUNCHIMAGE_NAME = LaunchImage;
				CLANG_ENABLE_MODULES = YES;
				GCC_TREAT_IMPLICIT_FUNCTION_DECLARATIONS_AS_ERRORS = YES;
				GCC_TREAT_INCOMPATIBLE_POINTER_TYPE_WARNINGS_AS_ERRORS = YES;
				GCC_TREAT_WARNINGS_AS_ERRORS = NO;
				INFOPLIST_FILE = "mixtour/mixtour-Info.plist";
				LD_RUNPATH_SEARCH_PATHS = "$(inherited) @executable_path/Frameworks";
				OTHER_CFLAGS = "-Wno-padded";
				PRODUCT_BUNDLE_IDENTIFIER = "com.wenderdel.games.stein.${PRODUCT_NAME:rfc1034identifier}";
				PRODUCT_NAME = "$(TARGET_NAME)";
				SWIFT_OBJC_BRIDGING_HEADER = "mixtour/mixtour-Bridging-Header.h";
				TARGETED_DEVICE_FAMILY = "1,2";
				WARNING_CFLAGS = (
					"-Wall",
					"-Wextra",
					"-Weverything",
				);
			};
			name = Debug;
		};
		AA040667176F9DF40051363A /* Release */ = {
			isa = XCBuildConfiguration;
			buildSettings = {
				ASSETCATALOG_COMPILER_APPICON_NAME = AppIcon;
				ASSETCATALOG_COMPILER_LAUNCHIMAGE_NAME = LaunchImage;
				CLANG_ENABLE_MODULES = YES;
				GCC_TREAT_IMPLICIT_FUNCTION_DECLARATIONS_AS_ERRORS = YES;
				GCC_TREAT_INCOMPATIBLE_POINTER_TYPE_WARNINGS_AS_ERRORS = YES;
				GCC_TREAT_WARNINGS_AS_ERRORS = YES;
				INFOPLIST_FILE = "mixtour/mixtour-Info.plist";
				LD_RUNPATH_SEARCH_PATHS = "$(inherited) @executable_path/Frameworks";
				OTHER_CFLAGS = "-Wno-padded";
				PRODUCT_BUNDLE_IDENTIFIER = "com.wenderdel.games.stein.${PRODUCT_NAME:rfc1034identifier}";
				PRODUCT_NAME = "$(TARGET_NAME)";
				SWIFT_OBJC_BRIDGING_HEADER = "mixtour/mixtour-Bridging-Header.h";
				TARGETED_DEVICE_FAMILY = "1,2";
				WARNING_CFLAGS = (
					"-Wall",
					"-Wextra",
					"-Weverything",
				);
			};
			name = Release;
		};
		AA040669176F9DF40051363A /* Debug */ = {
			isa = XCBuildConfiguration;
			buildSettings = {
				BUNDLE_LOADER = "$(BUILT_PRODUCTS_DIR)/mixtour.app/mixtour";
				CLANG_ENABLE_MODULES = YES;
				GCC_PRECOMPILE_PREFIX_HEADER = YES;
				GCC_PREPROCESSOR_DEFINITIONS = (
					"DEBUG=1",
					"$(inherited)",
				);
				INFOPLIST_FILE = "mixtourTests/mixtourTests-Info.plist";
				LD_RUNPATH_SEARCH_PATHS = "$(inherited) @executable_path/Frameworks @loader_path/Frameworks";
				PRODUCT_BUNDLE_IDENTIFIER = "com.wenderdel.games.stein.${PRODUCT_NAME:rfc1034identifier}";
				PRODUCT_NAME = mixtourTests;
				SWIFT_OBJC_BRIDGING_HEADER = "mixtourTests/model/mixtourTests-Bridging-Header.h";
				TEST_HOST = "$(BUNDLE_LOADER)";
			};
			name = Debug;
		};
		AA04066A176F9DF40051363A /* Release */ = {
			isa = XCBuildConfiguration;
			buildSettings = {
				BUNDLE_LOADER = "$(BUILT_PRODUCTS_DIR)/mixtour.app/mixtour";
				CLANG_ENABLE_MODULES = YES;
				GCC_PRECOMPILE_PREFIX_HEADER = YES;
				INFOPLIST_FILE = "mixtourTests/mixtourTests-Info.plist";
				LD_RUNPATH_SEARCH_PATHS = "$(inherited) @executable_path/Frameworks @loader_path/Frameworks";
				PRODUCT_BUNDLE_IDENTIFIER = "com.wenderdel.games.stein.${PRODUCT_NAME:rfc1034identifier}";
				PRODUCT_NAME = mixtourTests;
				SWIFT_OBJC_BRIDGING_HEADER = "mixtourTests/model/mixtourTests-Bridging-Header.h";
				TEST_HOST = "$(BUNDLE_LOADER)";
			};
			name = Release;
		};
/* End XCBuildConfiguration section */

/* Begin XCConfigurationList section */
		AA04062E176F9DF40051363A /* Build configuration list for PBXProject "mixtour" */ = {
			isa = XCConfigurationList;
			buildConfigurations = (
				AA040663176F9DF40051363A /* Debug */,
				AA040664176F9DF40051363A /* Release */,
			);
			defaultConfigurationIsVisible = 0;
			defaultConfigurationName = Release;
		};
		AA040665176F9DF40051363A /* Build configuration list for PBXNativeTarget "mixtour" */ = {
			isa = XCConfigurationList;
			buildConfigurations = (
				AA040666176F9DF40051363A /* Debug */,
				AA040667176F9DF40051363A /* Release */,
			);
			defaultConfigurationIsVisible = 0;
			defaultConfigurationName = Release;
		};
		AA040668176F9DF40051363A /* Build configuration list for PBXNativeTarget "mixtourTests" */ = {
			isa = XCConfigurationList;
			buildConfigurations = (
				AA040669176F9DF40051363A /* Debug */,
				AA04066A176F9DF40051363A /* Release */,
			);
			defaultConfigurationIsVisible = 0;
			defaultConfigurationName = Release;
		};
/* End XCConfigurationList section */
	};
	rootObject = AA04062B176F9DF40051363A /* Project object */;
}
