// !$*UTF8*$!
{
	archiveVersion = 1;
	classes = {
	};
	objectVersion = 52;
	objects = {

/* Begin PBXBuildFile section */
		6708D25625989A1E002A673B /* PieceStackViewModel.swift in Sources */ = {isa = PBXBuildFile; fileRef = 6708D25525989A1E002A673B /* PieceStackViewModel.swift */; };
		6708D26625994CA1002A673B /* PickedPieceStackView.swift in Sources */ = {isa = PBXBuildFile; fileRef = 6708D26525994CA1002A673B /* PickedPieceStackView.swift */; };
		671456BF2597E835008870D8 /* BoardBackgroundView.swift in Sources */ = {isa = PBXBuildFile; fileRef = 671456BE2597E835008870D8 /* BoardBackgroundView.swift */; };
		672582E425B9E0680026D993 /* MixModel in Frameworks */ = {isa = PBXBuildFile; productRef = 672582E325B9E0680026D993 /* MixModel */; };
		672582E625B9E06C0026D993 /* Core in Frameworks */ = {isa = PBXBuildFile; productRef = 672582E525B9E06C0026D993 /* Core */; };
		672582F025B9E14E0026D993 /* BestMoveVM.swift in Sources */ = {isa = PBXBuildFile; fileRef = 672582EF25B9E14E0026D993 /* BestMoveVM.swift */; };
		6746176B26AADA7400359AE2 /* Localizable.strings in Resources */ = {isa = PBXBuildFile; fileRef = 6746176D26AADA7400359AE2 /* Localizable.strings */; };
		675384272593B4B5002F5BEC /* mixtourApp.swift in Sources */ = {isa = PBXBuildFile; fileRef = 675384262593B4B5002F5BEC /* mixtourApp.swift */; };
		675384292593B4B5002F5BEC /* ContentView.swift in Sources */ = {isa = PBXBuildFile; fileRef = 675384282593B4B5002F5BEC /* ContentView.swift */; };
		6753842B2593B4B6002F5BEC /* Assets.xcassets in Resources */ = {isa = PBXBuildFile; fileRef = 6753842A2593B4B6002F5BEC /* Assets.xcassets */; };
		6753842E2593B4B6002F5BEC /* Preview Assets.xcassets in Resources */ = {isa = PBXBuildFile; fileRef = 6753842D2593B4B6002F5BEC /* Preview Assets.xcassets */; };
		6753843D2593BED4002F5BEC /* BoardView.swift in Sources */ = {isa = PBXBuildFile; fileRef = 6753843C2593BED4002F5BEC /* BoardView.swift */; };
		675384422593C6D9002F5BEC /* Core in Frameworks */ = {isa = PBXBuildFile; productRef = 675384412593C6D9002F5BEC /* Core */; };
		675384442593C6DD002F5BEC /* MixModel in Frameworks */ = {isa = PBXBuildFile; productRef = 675384432593C6DD002F5BEC /* MixModel */; };
		675A877D25AA449D0052F7FA /* Constants.swift in Sources */ = {isa = PBXBuildFile; fileRef = 675A877C25AA449D0052F7FA /* Constants.swift */; };
		67811B2F25BB686A00F7FC72 /* main.swift in Sources */ = {isa = PBXBuildFile; fileRef = 67811B2E25BB686A00F7FC72 /* main.swift */; };
		67811B3E25BB68C300F7FC72 /* Core in Frameworks */ = {isa = PBXBuildFile; productRef = 67811B3D25BB68C300F7FC72 /* Core */; };
		67811B4025BB68C600F7FC72 /* MixModel in Frameworks */ = {isa = PBXBuildFile; productRef = 67811B3F25BB68C600F7FC72 /* MixModel */; };
		67811B6425BB8DFE00F7FC72 /* PlayerEvaluation.swift in Sources */ = {isa = PBXBuildFile; fileRef = 67811B6325BB8DFE00F7FC72 /* PlayerEvaluation.swift */; };
		679BAB7126B16E0300C0BA77 /* MCPlayerConfig+Strings.swift in Sources */ = {isa = PBXBuildFile; fileRef = 679BAB7026B16E0300C0BA77 /* MCPlayerConfig+Strings.swift */; };
		679BAB7326B1749A00C0BA77 /* PlayerColor+Strings.swift in Sources */ = {isa = PBXBuildFile; fileRef = 679BAB7226B1749A00C0BA77 /* PlayerColor+Strings.swift */; };
		679BAB7526B1784F00C0BA77 /* Localization.swift in Sources */ = {isa = PBXBuildFile; fileRef = 679BAB7426B1784F00C0BA77 /* Localization.swift */; };
		679DCFE3257C577100E9310E /* ExampleTests.swift in Sources */ = {isa = PBXBuildFile; fileRef = 679DCFE2257C577100E9310E /* ExampleTests.swift */; };
		67CBE7882593DD4B00D913A1 /* PieceStackView.swift in Sources */ = {isa = PBXBuildFile; fileRef = 67CBE7872593DD4B00D913A1 /* PieceStackView.swift */; };
		67D666B2259631EF00E31102 /* BoardViewModel.swift in Sources */ = {isa = PBXBuildFile; fileRef = 67D666B1259631EF00E31102 /* BoardViewModel.swift */; };
		67D666C52596746200E31102 /* PieceViewModel.swift in Sources */ = {isa = PBXBuildFile; fileRef = 67D666C42596746200E31102 /* PieceViewModel.swift */; };
		67E2291226C9A2AF00738E88 /* WebView.swift in Sources */ = {isa = PBXBuildFile; fileRef = 67E2291126C9A2AF00738E88 /* WebView.swift */; };
		67E2291426C9A3A100738E88 /* WebViewModel.swift in Sources */ = {isa = PBXBuildFile; fileRef = 67E2291326C9A3A100738E88 /* WebViewModel.swift */; };
		67E2291626C9A48900738E88 /* RulesWebView.swift in Sources */ = {isa = PBXBuildFile; fileRef = 67E2291526C9A48900738E88 /* RulesWebView.swift */; };
		67E2291826C9A7BF00738E88 /* RulesFiles in Resources */ = {isa = PBXBuildFile; fileRef = 67E2291726C9A7BF00738E88 /* RulesFiles */; };
		67E8A110259CFFF700C80637 /* MixColors.swift in Sources */ = {isa = PBXBuildFile; fileRef = 67E8A10F259CFFF700C80637 /* MixColors.swift */; };
		67E8A118259D0D7200C80637 /* PieceView.swift in Sources */ = {isa = PBXBuildFile; fileRef = 67E8A117259D0D7200C80637 /* PieceView.swift */; };
		67F2E76B25A238AC00530BFC /* GameView.swift in Sources */ = {isa = PBXBuildFile; fileRef = 67F2E76A25A238AC00530BFC /* GameView.swift */; };
		67F2E77325A2777700530BFC /* PieceStoreView.swift in Sources */ = {isa = PBXBuildFile; fileRef = 67F2E77225A2777700530BFC /* PieceStoreView.swift */; };
		67FD17B625B9DB9F00A91931 /* performanceApp.swift in Sources */ = {isa = PBXBuildFile; fileRef = 67FD17B525B9DB9F00A91931 /* performanceApp.swift */; };
		67FD17B825B9DB9F00A91931 /* ContentView.swift in Sources */ = {isa = PBXBuildFile; fileRef = 67FD17B725B9DB9F00A91931 /* ContentView.swift */; };
		67FD17BA25B9DBA100A91931 /* Assets.xcassets in Resources */ = {isa = PBXBuildFile; fileRef = 67FD17B925B9DBA100A91931 /* Assets.xcassets */; };
		67FD17BD25B9DBA100A91931 /* Preview Assets.xcassets in Resources */ = {isa = PBXBuildFile; fileRef = 67FD17BC25B9DBA100A91931 /* Preview Assets.xcassets */; };
		AA040657176F9DF40051363A /* Foundation.framework in Frameworks */ = {isa = PBXBuildFile; fileRef = AA040636176F9DF40051363A /* Foundation.framework */; };
		AA040658176F9DF40051363A /* UIKit.framework in Frameworks */ = {isa = PBXBuildFile; fileRef = AA04063A176F9DF40051363A /* UIKit.framework */; };
/* End PBXBuildFile section */

/* Begin PBXCopyFilesBuildPhase section */
		67811B2A25BB686A00F7FC72 /* CopyFiles */ = {
			isa = PBXCopyFilesBuildPhase;
			buildActionMask = 2147483647;
			dstPath = /usr/share/man/man1/;
			dstSubfolderSpec = 0;
			files = (
			);
			runOnlyForDeploymentPostprocessing = 1;
		};
/* End PBXCopyFilesBuildPhase section */

/* Begin PBXFileReference section */
		6708D25525989A1E002A673B /* PieceStackViewModel.swift */ = {isa = PBXFileReference; lastKnownFileType = sourcecode.swift; path = PieceStackViewModel.swift; sourceTree = "<group>"; };
		6708D26525994CA1002A673B /* PickedPieceStackView.swift */ = {isa = PBXFileReference; lastKnownFileType = sourcecode.swift; path = PickedPieceStackView.swift; sourceTree = "<group>"; };
		671456BE2597E835008870D8 /* BoardBackgroundView.swift */ = {isa = PBXFileReference; lastKnownFileType = sourcecode.swift; path = BoardBackgroundView.swift; sourceTree = "<group>"; };
		672582EF25B9E14E0026D993 /* BestMoveVM.swift */ = {isa = PBXFileReference; lastKnownFileType = sourcecode.swift; path = BestMoveVM.swift; sourceTree = "<group>"; };
		6746176A26AADA5C00359AE2 /* de */ = {isa = PBXFileReference; lastKnownFileType = text.plist.strings; name = de; path = de.lproj/InfoPlist.strings; sourceTree = "<group>"; };
		6746176C26AADA7400359AE2 /* en */ = {isa = PBXFileReference; lastKnownFileType = text.plist.strings; name = en; path = en.lproj/Localizable.strings; sourceTree = "<group>"; };
		6746176E26AADA9900359AE2 /* de */ = {isa = PBXFileReference; lastKnownFileType = text.plist.strings; name = de; path = de.lproj/Localizable.strings; sourceTree = "<group>"; };
		675384242593B4B5002F5BEC /* mixtour.app */ = {isa = PBXFileReference; explicitFileType = wrapper.application; includeInIndex = 0; path = mixtour.app; sourceTree = BUILT_PRODUCTS_DIR; };
		675384262593B4B5002F5BEC /* mixtourApp.swift */ = {isa = PBXFileReference; lastKnownFileType = sourcecode.swift; path = mixtourApp.swift; sourceTree = "<group>"; };
		675384282593B4B5002F5BEC /* ContentView.swift */ = {isa = PBXFileReference; lastKnownFileType = sourcecode.swift; path = ContentView.swift; sourceTree = "<group>"; };
		6753842A2593B4B6002F5BEC /* Assets.xcassets */ = {isa = PBXFileReference; lastKnownFileType = folder.assetcatalog; path = Assets.xcassets; sourceTree = "<group>"; };
		6753842D2593B4B6002F5BEC /* Preview Assets.xcassets */ = {isa = PBXFileReference; lastKnownFileType = folder.assetcatalog; path = "Preview Assets.xcassets"; sourceTree = "<group>"; };
		6753842F2593B4B6002F5BEC /* Info.plist */ = {isa = PBXFileReference; lastKnownFileType = text.plist.xml; path = Info.plist; sourceTree = "<group>"; };
		6753843C2593BED4002F5BEC /* BoardView.swift */ = {isa = PBXFileReference; lastKnownFileType = sourcecode.swift; path = BoardView.swift; sourceTree = "<group>"; };
		675A877C25AA449D0052F7FA /* Constants.swift */ = {isa = PBXFileReference; lastKnownFileType = sourcecode.swift; path = Constants.swift; sourceTree = "<group>"; };
		67811B2C25BB686A00F7FC72 /* MixtourConsole */ = {isa = PBXFileReference; explicitFileType = "compiled.mach-o.executable"; includeInIndex = 0; path = MixtourConsole; sourceTree = BUILT_PRODUCTS_DIR; };
		67811B2E25BB686A00F7FC72 /* main.swift */ = {isa = PBXFileReference; lastKnownFileType = sourcecode.swift; path = main.swift; sourceTree = "<group>"; };
		67811B6325BB8DFE00F7FC72 /* PlayerEvaluation.swift */ = {isa = PBXFileReference; lastKnownFileType = sourcecode.swift; path = PlayerEvaluation.swift; sourceTree = "<group>"; };
		679BAB7026B16E0300C0BA77 /* MCPlayerConfig+Strings.swift */ = {isa = PBXFileReference; lastKnownFileType = sourcecode.swift; path = "MCPlayerConfig+Strings.swift"; sourceTree = "<group>"; };
		679BAB7226B1749A00C0BA77 /* PlayerColor+Strings.swift */ = {isa = PBXFileReference; lastKnownFileType = sourcecode.swift; path = "PlayerColor+Strings.swift"; sourceTree = "<group>"; };
		679BAB7426B1784F00C0BA77 /* Localization.swift */ = {isa = PBXFileReference; lastKnownFileType = sourcecode.swift; path = Localization.swift; sourceTree = "<group>"; };
		679DCF8B257C28FC00E9310E /* Core */ = {isa = PBXFileReference; lastKnownFileType = folder; name = Core; path = "local-packages/Core"; sourceTree = "<group>"; };
		679DCFC7257C489A00E9310E /* MixModel */ = {isa = PBXFileReference; lastKnownFileType = folder; name = MixModel; path = "local-packages/MixModel"; sourceTree = "<group>"; };
		679DCFE2257C577100E9310E /* ExampleTests.swift */ = {isa = PBXFileReference; lastKnownFileType = sourcecode.swift; path = ExampleTests.swift; sourceTree = "<group>"; };
		67CBE7872593DD4B00D913A1 /* PieceStackView.swift */ = {isa = PBXFileReference; lastKnownFileType = sourcecode.swift; path = PieceStackView.swift; sourceTree = "<group>"; };
		67D666B1259631EF00E31102 /* BoardViewModel.swift */ = {isa = PBXFileReference; lastKnownFileType = sourcecode.swift; path = BoardViewModel.swift; sourceTree = "<group>"; };
		67D666C42596746200E31102 /* PieceViewModel.swift */ = {isa = PBXFileReference; lastKnownFileType = sourcecode.swift; path = PieceViewModel.swift; sourceTree = "<group>"; };
		67E2291126C9A2AF00738E88 /* WebView.swift */ = {isa = PBXFileReference; lastKnownFileType = sourcecode.swift; path = WebView.swift; sourceTree = "<group>"; };
		67E2291326C9A3A100738E88 /* WebViewModel.swift */ = {isa = PBXFileReference; lastKnownFileType = sourcecode.swift; path = WebViewModel.swift; sourceTree = "<group>"; };
		67E2291526C9A48900738E88 /* RulesWebView.swift */ = {isa = PBXFileReference; lastKnownFileType = sourcecode.swift; path = RulesWebView.swift; sourceTree = "<group>"; };
		67E2291726C9A7BF00738E88 /* RulesFiles */ = {isa = PBXFileReference; lastKnownFileType = folder; path = RulesFiles; sourceTree = "<group>"; };
		67E8A10F259CFFF700C80637 /* MixColors.swift */ = {isa = PBXFileReference; lastKnownFileType = sourcecode.swift; path = MixColors.swift; sourceTree = "<group>"; };
		67E8A117259D0D7200C80637 /* PieceView.swift */ = {isa = PBXFileReference; lastKnownFileType = sourcecode.swift; path = PieceView.swift; sourceTree = "<group>"; };
		67F2E76A25A238AC00530BFC /* GameView.swift */ = {isa = PBXFileReference; lastKnownFileType = sourcecode.swift; path = GameView.swift; sourceTree = "<group>"; };
		67F2E77225A2777700530BFC /* PieceStoreView.swift */ = {isa = PBXFileReference; lastKnownFileType = sourcecode.swift; path = PieceStoreView.swift; sourceTree = "<group>"; };
		67FD17B325B9DB9F00A91931 /* performance.app */ = {isa = PBXFileReference; explicitFileType = wrapper.application; includeInIndex = 0; path = performance.app; sourceTree = BUILT_PRODUCTS_DIR; };
		67FD17B525B9DB9F00A91931 /* performanceApp.swift */ = {isa = PBXFileReference; lastKnownFileType = sourcecode.swift; path = performanceApp.swift; sourceTree = "<group>"; };
		67FD17B725B9DB9F00A91931 /* ContentView.swift */ = {isa = PBXFileReference; lastKnownFileType = sourcecode.swift; path = ContentView.swift; sourceTree = "<group>"; };
		67FD17B925B9DBA100A91931 /* Assets.xcassets */ = {isa = PBXFileReference; lastKnownFileType = folder.assetcatalog; path = Assets.xcassets; sourceTree = "<group>"; };
		67FD17BC25B9DBA100A91931 /* Preview Assets.xcassets */ = {isa = PBXFileReference; lastKnownFileType = folder.assetcatalog; path = "Preview Assets.xcassets"; sourceTree = "<group>"; };
		67FD17BE25B9DBA100A91931 /* Info.plist */ = {isa = PBXFileReference; lastKnownFileType = text.plist.xml; path = Info.plist; sourceTree = "<group>"; };
		AA040636176F9DF40051363A /* Foundation.framework */ = {isa = PBXFileReference; lastKnownFileType = wrapper.framework; name = Foundation.framework; path = System/Library/Frameworks/Foundation.framework; sourceTree = SDKROOT; };
		AA040638176F9DF40051363A /* CoreGraphics.framework */ = {isa = PBXFileReference; lastKnownFileType = wrapper.framework; name = CoreGraphics.framework; path = System/Library/Frameworks/CoreGraphics.framework; sourceTree = SDKROOT; };
		AA04063A176F9DF40051363A /* UIKit.framework */ = {isa = PBXFileReference; lastKnownFileType = wrapper.framework; name = UIKit.framework; path = System/Library/Frameworks/UIKit.framework; sourceTree = SDKROOT; };
		AA040654176F9DF40051363A /* mixtourTests.xctest */ = {isa = PBXFileReference; explicitFileType = wrapper.cfbundle; includeInIndex = 0; path = mixtourTests.xctest; sourceTree = BUILT_PRODUCTS_DIR; };
		AA04065D176F9DF40051363A /* mixtourTests-Info.plist */ = {isa = PBXFileReference; lastKnownFileType = text.plist.xml; path = "mixtourTests-Info.plist"; sourceTree = "<group>"; };
		AA04065F176F9DF40051363A /* en */ = {isa = PBXFileReference; lastKnownFileType = text.plist.strings; name = en; path = en.lproj/InfoPlist.strings; sourceTree = "<group>"; };
/* End PBXFileReference section */

/* Begin PBXFrameworksBuildPhase section */
		675384212593B4B5002F5BEC /* Frameworks */ = {
			isa = PBXFrameworksBuildPhase;
			buildActionMask = 2147483647;
			files = (
				675384422593C6D9002F5BEC /* Core in Frameworks */,
				675384442593C6DD002F5BEC /* MixModel in Frameworks */,
			);
			runOnlyForDeploymentPostprocessing = 0;
		};
		67811B2925BB686A00F7FC72 /* Frameworks */ = {
			isa = PBXFrameworksBuildPhase;
			buildActionMask = 2147483647;
			files = (
				67811B3E25BB68C300F7FC72 /* Core in Frameworks */,
				67811B4025BB68C600F7FC72 /* MixModel in Frameworks */,
			);
			runOnlyForDeploymentPostprocessing = 0;
		};
		67FD17B025B9DB9F00A91931 /* Frameworks */ = {
			isa = PBXFrameworksBuildPhase;
			buildActionMask = 2147483647;
			files = (
				672582E425B9E0680026D993 /* MixModel in Frameworks */,
				672582E625B9E06C0026D993 /* Core in Frameworks */,
			);
			runOnlyForDeploymentPostprocessing = 0;
		};
		AA040651176F9DF40051363A /* Frameworks */ = {
			isa = PBXFrameworksBuildPhase;
			buildActionMask = 2147483647;
			files = (
				AA040658176F9DF40051363A /* UIKit.framework in Frameworks */,
				AA040657176F9DF40051363A /* Foundation.framework in Frameworks */,
			);
			runOnlyForDeploymentPostprocessing = 0;
		};
/* End PBXFrameworksBuildPhase section */

/* Begin PBXGroup section */
		671456B62597D8A6008870D8 /* Views */ = {
			isa = PBXGroup;
			children = (
				675384282593B4B5002F5BEC /* ContentView.swift */,
				67F2E76A25A238AC00530BFC /* GameView.swift */,
				671456BE2597E835008870D8 /* BoardBackgroundView.swift */,
				6753843C2593BED4002F5BEC /* BoardView.swift */,
				67F2E77225A2777700530BFC /* PieceStoreView.swift */,
				67CBE7872593DD4B00D913A1 /* PieceStackView.swift */,
				6708D26525994CA1002A673B /* PickedPieceStackView.swift */,
				67E8A117259D0D7200C80637 /* PieceView.swift */,
			);
			path = Views;
			sourceTree = "<group>";
		};
		671456B72597D8B2008870D8 /* ViewModels */ = {
			isa = PBXGroup;
			children = (
				67D666B1259631EF00E31102 /* BoardViewModel.swift */,
				679BAB7026B16E0300C0BA77 /* MCPlayerConfig+Strings.swift */,
				6708D25525989A1E002A673B /* PieceStackViewModel.swift */,
				67D666C42596746200E31102 /* PieceViewModel.swift */,
				679BAB7226B1749A00C0BA77 /* PlayerColor+Strings.swift */,
			);
			path = ViewModels;
			sourceTree = "<group>";
		};
		675384252593B4B5002F5BEC /* mixtour */ = {
			isa = PBXGroup;
			children = (
				67E2291026C9A22F00738E88 /* RulesTab */,
				671456B72597D8B2008870D8 /* ViewModels */,
				671456B62597D8A6008870D8 /* Views */,
				67E8A10F259CFFF700C80637 /* MixColors.swift */,
				675A877C25AA449D0052F7FA /* Constants.swift */,
				675384262593B4B5002F5BEC /* mixtourApp.swift */,
				6753842A2593B4B6002F5BEC /* Assets.xcassets */,
				6753842F2593B4B6002F5BEC /* Info.plist */,
				6753842C2593B4B6002F5BEC /* Preview Content */,
				6746176D26AADA7400359AE2 /* Localizable.strings */,
				679BAB7426B1784F00C0BA77 /* Localization.swift */,
			);
			path = mixtour;
			sourceTree = "<group>";
		};
		6753842C2593B4B6002F5BEC /* Preview Content */ = {
			isa = PBXGroup;
			children = (
				6753842D2593B4B6002F5BEC /* Preview Assets.xcassets */,
			);
			path = "Preview Content";
			sourceTree = "<group>";
		};
		67811B2D25BB686A00F7FC72 /* MixtourConsole */ = {
			isa = PBXGroup;
			children = (
				67811B2E25BB686A00F7FC72 /* main.swift */,
				67811B6325BB8DFE00F7FC72 /* PlayerEvaluation.swift */,
			);
			path = MixtourConsole;
			sourceTree = "<group>";
		};
		67E2291026C9A22F00738E88 /* RulesTab */ = {
			isa = PBXGroup;
			children = (
				67E2291726C9A7BF00738E88 /* RulesFiles */,
				67E2291126C9A2AF00738E88 /* WebView.swift */,
				67E2291326C9A3A100738E88 /* WebViewModel.swift */,
				67E2291526C9A48900738E88 /* RulesWebView.swift */,
			);
			path = RulesTab;
			sourceTree = "<group>";
		};
		67FD17B425B9DB9F00A91931 /* performance */ = {
			isa = PBXGroup;
			children = (
				672582EF25B9E14E0026D993 /* BestMoveVM.swift */,
				67FD17B525B9DB9F00A91931 /* performanceApp.swift */,
				67FD17B725B9DB9F00A91931 /* ContentView.swift */,
				67FD17B925B9DBA100A91931 /* Assets.xcassets */,
				67FD17BE25B9DBA100A91931 /* Info.plist */,
				67FD17BB25B9DBA100A91931 /* Preview Content */,
			);
			path = performance;
			sourceTree = "<group>";
		};
		67FD17BB25B9DBA100A91931 /* Preview Content */ = {
			isa = PBXGroup;
			children = (
				67FD17BC25B9DBA100A91931 /* Preview Assets.xcassets */,
			);
			path = "Preview Content";
			sourceTree = "<group>";
		};
		AA04062A176F9DF40051363A = {
			isa = PBXGroup;
			children = (
				679DCF8B257C28FC00E9310E /* Core */,
				679DCFC7257C489A00E9310E /* MixModel */,
				675384252593B4B5002F5BEC /* mixtour */,
				AA04065B176F9DF40051363A /* mixtourTests */,
				67FD17B425B9DB9F00A91931 /* performance */,
				67811B2D25BB686A00F7FC72 /* MixtourConsole */,
				AA040635176F9DF40051363A /* Frameworks */,
				AA040634176F9DF40051363A /* Products */,
			);
			sourceTree = "<group>";
		};
		AA040634176F9DF40051363A /* Products */ = {
			isa = PBXGroup;
			children = (
				AA040654176F9DF40051363A /* mixtourTests.xctest */,
				675384242593B4B5002F5BEC /* mixtour.app */,
				67FD17B325B9DB9F00A91931 /* performance.app */,
				67811B2C25BB686A00F7FC72 /* MixtourConsole */,
			);
			name = Products;
			sourceTree = "<group>";
		};
		AA040635176F9DF40051363A /* Frameworks */ = {
			isa = PBXGroup;
			children = (
				AA040636176F9DF40051363A /* Foundation.framework */,
				AA040638176F9DF40051363A /* CoreGraphics.framework */,
				AA04063A176F9DF40051363A /* UIKit.framework */,
			);
			name = Frameworks;
			sourceTree = "<group>";
		};
		AA04065B176F9DF40051363A /* mixtourTests */ = {
			isa = PBXGroup;
			children = (
				AA04065C176F9DF40051363A /* Supporting Files */,
				679DCFE2257C577100E9310E /* ExampleTests.swift */,
			);
			path = mixtourTests;
			sourceTree = "<group>";
		};
		AA04065C176F9DF40051363A /* Supporting Files */ = {
			isa = PBXGroup;
			children = (
				AA04065D176F9DF40051363A /* mixtourTests-Info.plist */,
				AA04065E176F9DF40051363A /* InfoPlist.strings */,
			);
			name = "Supporting Files";
			sourceTree = "<group>";
		};
/* End PBXGroup section */

/* Begin PBXNativeTarget section */
		675384232593B4B5002F5BEC /* mixtour */ = {
			isa = PBXNativeTarget;
			buildConfigurationList = 675384302593B4B6002F5BEC /* Build configuration list for PBXNativeTarget "mixtour" */;
			buildPhases = (
				675384202593B4B5002F5BEC /* Sources */,
				675384212593B4B5002F5BEC /* Frameworks */,
				675384222593B4B5002F5BEC /* Resources */,
			);
			buildRules = (
			);
			dependencies = (
			);
			name = mixtour;
			packageProductDependencies = (
				675384412593C6D9002F5BEC /* Core */,
				675384432593C6DD002F5BEC /* MixModel */,
			);
			productName = mixtour;
			productReference = 675384242593B4B5002F5BEC /* mixtour.app */;
			productType = "com.apple.product-type.application";
		};
		67811B2B25BB686A00F7FC72 /* MixtourConsole */ = {
			isa = PBXNativeTarget;
			buildConfigurationList = 67811B3025BB686A00F7FC72 /* Build configuration list for PBXNativeTarget "MixtourConsole" */;
			buildPhases = (
				67811B2825BB686A00F7FC72 /* Sources */,
				67811B2925BB686A00F7FC72 /* Frameworks */,
				67811B2A25BB686A00F7FC72 /* CopyFiles */,
			);
			buildRules = (
			);
			dependencies = (
			);
			name = MixtourConsole;
			packageProductDependencies = (
				67811B3D25BB68C300F7FC72 /* Core */,
				67811B3F25BB68C600F7FC72 /* MixModel */,
			);
			productName = MixtourConsole;
			productReference = 67811B2C25BB686A00F7FC72 /* MixtourConsole */;
			productType = "com.apple.product-type.tool";
		};
		67FD17B225B9DB9F00A91931 /* performance */ = {
			isa = PBXNativeTarget;
			buildConfigurationList = 67FD17C125B9DBA200A91931 /* Build configuration list for PBXNativeTarget "performance" */;
			buildPhases = (
				67FD17AF25B9DB9F00A91931 /* Sources */,
				67FD17B025B9DB9F00A91931 /* Frameworks */,
				67FD17B125B9DB9F00A91931 /* Resources */,
			);
			buildRules = (
			);
			dependencies = (
			);
			name = performance;
			packageProductDependencies = (
				672582E325B9E0680026D993 /* MixModel */,
				672582E525B9E06C0026D993 /* Core */,
			);
			productName = performance;
			productReference = 67FD17B325B9DB9F00A91931 /* performance.app */;
			productType = "com.apple.product-type.application";
		};
		AA040653176F9DF40051363A /* mixtourTests */ = {
			isa = PBXNativeTarget;
			buildConfigurationList = AA040668176F9DF40051363A /* Build configuration list for PBXNativeTarget "mixtourTests" */;
			buildPhases = (
				AA040650176F9DF40051363A /* Sources */,
				AA040651176F9DF40051363A /* Frameworks */,
				AA040652176F9DF40051363A /* Resources */,
			);
			buildRules = (
			);
			dependencies = (
			);
			name = mixtourTests;
			productName = mixtourTests;
			productReference = AA040654176F9DF40051363A /* mixtourTests.xctest */;
			productType = "com.apple.product-type.bundle.unit-test";
		};
/* End PBXNativeTarget section */

/* Begin PBXProject section */
		AA04062B176F9DF40051363A /* Project object */ = {
			isa = PBXProject;
			attributes = {
				CLASSPREFIX = MIX;
				LastSwiftUpdateCheck = 1210;
				LastUpgradeCheck = 1250;
				ORGANIZATIONNAME = "Carsten Wenderdel";
				TargetAttributes = {
					675384232593B4B5002F5BEC = {
						CreatedOnToolsVersion = 12.1;
					};
					67811B2B25BB686A00F7FC72 = {
						CreatedOnToolsVersion = 12.1;
					};
					67FD17B225B9DB9F00A91931 = {
						CreatedOnToolsVersion = 12.1;
					};
					AA040653176F9DF40051363A = {
						LastSwiftMigration = 1210;
						TestTargetID = AA040632176F9DF40051363A;
					};
				};
			};
			buildConfigurationList = AA04062E176F9DF40051363A /* Build configuration list for PBXProject "mixtour" */;
			compatibilityVersion = "Xcode 3.2";
			developmentRegion = en;
			hasScannedForEncodings = 0;
			knownRegions = (
				en,
				Base,
				de,
			);
			mainGroup = AA04062A176F9DF40051363A;
			packageReferences = (
			);
			productRefGroup = AA040634176F9DF40051363A /* Products */;
			projectDirPath = "";
			projectRoot = "";
			targets = (
				675384232593B4B5002F5BEC /* mixtour */,
				AA040653176F9DF40051363A /* mixtourTests */,
				67FD17B225B9DB9F00A91931 /* performance */,
				67811B2B25BB686A00F7FC72 /* MixtourConsole */,
			);
		};
/* End PBXProject section */

/* Begin PBXResourcesBuildPhase section */
		675384222593B4B5002F5BEC /* Resources */ = {
			isa = PBXResourcesBuildPhase;
			buildActionMask = 2147483647;
			files = (
				67E2291826C9A7BF00738E88 /* RulesFiles in Resources */,
				6753842E2593B4B6002F5BEC /* Preview Assets.xcassets in Resources */,
				6753842B2593B4B6002F5BEC /* Assets.xcassets in Resources */,
				6746176B26AADA7400359AE2 /* Localizable.strings in Resources */,
			);
			runOnlyForDeploymentPostprocessing = 0;
		};
		67FD17B125B9DB9F00A91931 /* Resources */ = {
			isa = PBXResourcesBuildPhase;
			buildActionMask = 2147483647;
			files = (
				67FD17BD25B9DBA100A91931 /* Preview Assets.xcassets in Resources */,
				67FD17BA25B9DBA100A91931 /* Assets.xcassets in Resources */,
			);
			runOnlyForDeploymentPostprocessing = 0;
		};
		AA040652176F9DF40051363A /* Resources */ = {
			isa = PBXResourcesBuildPhase;
			buildActionMask = 2147483647;
			files = (
			);
			runOnlyForDeploymentPostprocessing = 0;
		};
/* End PBXResourcesBuildPhase section */

/* Begin PBXSourcesBuildPhase section */
		675384202593B4B5002F5BEC /* Sources */ = {
			isa = PBXSourcesBuildPhase;
			buildActionMask = 2147483647;
			files = (
				6753843D2593BED4002F5BEC /* BoardView.swift in Sources */,
				67E2291626C9A48900738E88 /* RulesWebView.swift in Sources */,
				679BAB7526B1784F00C0BA77 /* Localization.swift in Sources */,
				675384292593B4B5002F5BEC /* ContentView.swift in Sources */,
				6708D26625994CA1002A673B /* PickedPieceStackView.swift in Sources */,
				671456BF2597E835008870D8 /* BoardBackgroundView.swift in Sources */,
				67E2291226C9A2AF00738E88 /* WebView.swift in Sources */,
				67D666B2259631EF00E31102 /* BoardViewModel.swift in Sources */,
				679BAB7326B1749A00C0BA77 /* PlayerColor+Strings.swift in Sources */,
				67E2291426C9A3A100738E88 /* WebViewModel.swift in Sources */,
				67E8A118259D0D7200C80637 /* PieceView.swift in Sources */,
				67E8A110259CFFF700C80637 /* MixColors.swift in Sources */,
				6708D25625989A1E002A673B /* PieceStackViewModel.swift in Sources */,
				679BAB7126B16E0300C0BA77 /* MCPlayerConfig+Strings.swift in Sources */,
				67CBE7882593DD4B00D913A1 /* PieceStackView.swift in Sources */,
				675384272593B4B5002F5BEC /* mixtourApp.swift in Sources */,
				67F2E77325A2777700530BFC /* PieceStoreView.swift in Sources */,
				675A877D25AA449D0052F7FA /* Constants.swift in Sources */,
				67F2E76B25A238AC00530BFC /* GameView.swift in Sources */,
				67D666C52596746200E31102 /* PieceViewModel.swift in Sources */,
			);
			runOnlyForDeploymentPostprocessing = 0;
		};
		67811B2825BB686A00F7FC72 /* Sources */ = {
			isa = PBXSourcesBuildPhase;
			buildActionMask = 2147483647;
			files = (
				67811B2F25BB686A00F7FC72 /* main.swift in Sources */,
				67811B6425BB8DFE00F7FC72 /* PlayerEvaluation.swift in Sources */,
			);
			runOnlyForDeploymentPostprocessing = 0;
		};
		67FD17AF25B9DB9F00A91931 /* Sources */ = {
			isa = PBXSourcesBuildPhase;
			buildActionMask = 2147483647;
			files = (
				672582F025B9E14E0026D993 /* BestMoveVM.swift in Sources */,
				67FD17B825B9DB9F00A91931 /* ContentView.swift in Sources */,
				67FD17B625B9DB9F00A91931 /* performanceApp.swift in Sources */,
			);
			runOnlyForDeploymentPostprocessing = 0;
		};
		AA040650176F9DF40051363A /* Sources */ = {
			isa = PBXSourcesBuildPhase;
			buildActionMask = 2147483647;
			files = (
				679DCFE3257C577100E9310E /* ExampleTests.swift in Sources */,
			);
			runOnlyForDeploymentPostprocessing = 0;
		};
/* End PBXSourcesBuildPhase section */

/* Begin PBXVariantGroup section */
		6746176D26AADA7400359AE2 /* Localizable.strings */ = {
			isa = PBXVariantGroup;
			children = (
				6746176C26AADA7400359AE2 /* en */,
				6746176E26AADA9900359AE2 /* de */,
			);
			name = Localizable.strings;
			sourceTree = "<group>";
		};
		AA04065E176F9DF40051363A /* InfoPlist.strings */ = {
			isa = PBXVariantGroup;
			children = (
				AA04065F176F9DF40051363A /* en */,
				6746176A26AADA5C00359AE2 /* de */,
			);
			name = InfoPlist.strings;
			sourceTree = "<group>";
		};
/* End PBXVariantGroup section */

/* Begin XCBuildConfiguration section */
		675384312593B4B6002F5BEC /* Debug */ = {
			isa = XCBuildConfiguration;
			buildSettings = {
				ASSETCATALOG_COMPILER_APPICON_NAME = AppIcon;
				ASSETCATALOG_COMPILER_GLOBAL_ACCENT_COLOR_NAME = AccentColor;
				CLANG_ANALYZER_NONNULL = YES;
				CLANG_ANALYZER_NUMBER_OBJECT_CONVERSION = YES_AGGRESSIVE;
				CLANG_CXX_LANGUAGE_STANDARD = "gnu++14";
				CLANG_ENABLE_OBJC_WEAK = YES;
				CLANG_WARN_NON_LITERAL_NULL_CONVERSION = YES;
				CLANG_WARN_OBJC_LITERAL_CONVERSION = YES;
				CODE_SIGN_STYLE = Automatic;
				DEVELOPMENT_ASSET_PATHS = "\"mixtour/Preview Content\"";
				DEVELOPMENT_TEAM = RKX7FEU7U3;
				ENABLE_PREVIEWS = YES;
				GCC_C_LANGUAGE_STANDARD = gnu11;
				INFOPLIST_FILE = mixtour/Info.plist;
				IPHONEOS_DEPLOYMENT_TARGET = 14.1;
				LD_RUNPATH_SEARCH_PATHS = (
					"$(inherited)",
					"@executable_path/Frameworks",
				);
				MTL_ENABLE_DEBUG_INFO = INCLUDE_SOURCE;
				MTL_FAST_MATH = YES;
				PRODUCT_BUNDLE_IDENTIFIER = com.wenderdel.games.stein.mixtour;
				PRODUCT_NAME = "$(TARGET_NAME)";
				SWIFT_ACTIVE_COMPILATION_CONDITIONS = DEBUG;
				SWIFT_VERSION = 5.0;
				TARGETED_DEVICE_FAMILY = "1,2";
			};
			name = Debug;
		};
		675384322593B4B6002F5BEC /* Release */ = {
			isa = XCBuildConfiguration;
			buildSettings = {
				ASSETCATALOG_COMPILER_APPICON_NAME = AppIcon;
				ASSETCATALOG_COMPILER_GLOBAL_ACCENT_COLOR_NAME = AccentColor;
				CLANG_ANALYZER_NONNULL = YES;
				CLANG_ANALYZER_NUMBER_OBJECT_CONVERSION = YES_AGGRESSIVE;
				CLANG_CXX_LANGUAGE_STANDARD = "gnu++14";
				CLANG_ENABLE_OBJC_WEAK = YES;
				CLANG_WARN_NON_LITERAL_NULL_CONVERSION = YES;
				CLANG_WARN_OBJC_LITERAL_CONVERSION = YES;
				CODE_SIGN_STYLE = Automatic;
				COPY_PHASE_STRIP = NO;
				DEBUG_INFORMATION_FORMAT = "dwarf-with-dsym";
				DEVELOPMENT_ASSET_PATHS = "\"mixtour/Preview Content\"";
				DEVELOPMENT_TEAM = RKX7FEU7U3;
				ENABLE_PREVIEWS = YES;
				GCC_C_LANGUAGE_STANDARD = gnu11;
				INFOPLIST_FILE = mixtour/Info.plist;
				IPHONEOS_DEPLOYMENT_TARGET = 14.1;
				LD_RUNPATH_SEARCH_PATHS = (
					"$(inherited)",
					"@executable_path/Frameworks",
				);
				MTL_ENABLE_DEBUG_INFO = NO;
				MTL_FAST_MATH = YES;
				PRODUCT_BUNDLE_IDENTIFIER = com.wenderdel.games.stein.mixtour;
				PRODUCT_NAME = "$(TARGET_NAME)";
				SWIFT_VERSION = 5.0;
				TARGETED_DEVICE_FAMILY = "1,2";
			};
			name = Release;
		};
		67811B3125BB686A00F7FC72 /* Debug */ = {
			isa = XCBuildConfiguration;
			buildSettings = {
				CLANG_ANALYZER_NONNULL = YES;
				CLANG_ANALYZER_NUMBER_OBJECT_CONVERSION = YES_AGGRESSIVE;
				CLANG_CXX_LANGUAGE_STANDARD = "gnu++14";
				CLANG_ENABLE_OBJC_WEAK = YES;
				CLANG_WARN_NON_LITERAL_NULL_CONVERSION = YES;
				CLANG_WARN_OBJC_LITERAL_CONVERSION = YES;
				CODE_SIGN_IDENTITY = "-";
				CODE_SIGN_STYLE = Automatic;
				DEVELOPMENT_TEAM = RKX7FEU7U3;
				ENABLE_HARDENED_RUNTIME = YES;
				GCC_C_LANGUAGE_STANDARD = gnu11;
				MACOSX_DEPLOYMENT_TARGET = 10.15;
				MTL_ENABLE_DEBUG_INFO = INCLUDE_SOURCE;
				MTL_FAST_MATH = YES;
				PRODUCT_NAME = "$(TARGET_NAME)";
				SDKROOT = macosx;
				SWIFT_ACTIVE_COMPILATION_CONDITIONS = DEBUG;
				SWIFT_VERSION = 5.0;
			};
			name = Debug;
		};
		67811B3225BB686A00F7FC72 /* Release */ = {
			isa = XCBuildConfiguration;
			buildSettings = {
				CLANG_ANALYZER_NONNULL = YES;
				CLANG_ANALYZER_NUMBER_OBJECT_CONVERSION = YES_AGGRESSIVE;
				CLANG_CXX_LANGUAGE_STANDARD = "gnu++14";
				CLANG_ENABLE_OBJC_WEAK = YES;
				CLANG_WARN_NON_LITERAL_NULL_CONVERSION = YES;
				CLANG_WARN_OBJC_LITERAL_CONVERSION = YES;
				CODE_SIGN_IDENTITY = "-";
				CODE_SIGN_STYLE = Automatic;
				COPY_PHASE_STRIP = NO;
				DEBUG_INFORMATION_FORMAT = "dwarf-with-dsym";
				DEVELOPMENT_TEAM = RKX7FEU7U3;
				ENABLE_HARDENED_RUNTIME = YES;
				GCC_C_LANGUAGE_STANDARD = gnu11;
				MACOSX_DEPLOYMENT_TARGET = 10.15;
				MTL_ENABLE_DEBUG_INFO = NO;
				MTL_FAST_MATH = YES;
				PRODUCT_NAME = "$(TARGET_NAME)";
				SDKROOT = macosx;
				SWIFT_VERSION = 5.0;
			};
			name = Release;
		};
		67FD17BF25B9DBA200A91931 /* Debug */ = {
			isa = XCBuildConfiguration;
			buildSettings = {
				ASSETCATALOG_COMPILER_APPICON_NAME = AppIcon;
				ASSETCATALOG_COMPILER_GLOBAL_ACCENT_COLOR_NAME = AccentColor;
				CLANG_ANALYZER_NONNULL = YES;
				CLANG_ANALYZER_NUMBER_OBJECT_CONVERSION = YES_AGGRESSIVE;
				CLANG_CXX_LANGUAGE_STANDARD = "gnu++14";
				CLANG_ENABLE_OBJC_WEAK = YES;
				CLANG_WARN_NON_LITERAL_NULL_CONVERSION = YES;
				CLANG_WARN_OBJC_LITERAL_CONVERSION = YES;
				CODE_SIGN_STYLE = Automatic;
				DEVELOPMENT_ASSET_PATHS = "\"performance/Preview Content\"";
				DEVELOPMENT_TEAM = RKX7FEU7U3;
				ENABLE_PREVIEWS = YES;
				GCC_C_LANGUAGE_STANDARD = gnu11;
				INFOPLIST_FILE = performance/Info.plist;
				IPHONEOS_DEPLOYMENT_TARGET = 14.1;
				LD_RUNPATH_SEARCH_PATHS = (
					"$(inherited)",
					"@executable_path/Frameworks",
				);
				MTL_ENABLE_DEBUG_INFO = INCLUDE_SOURCE;
				MTL_FAST_MATH = YES;
				PRODUCT_BUNDLE_IDENTIFIER = com.wenderdel.games.stein.performance.performance;
				PRODUCT_NAME = "$(TARGET_NAME)";
				SWIFT_ACTIVE_COMPILATION_CONDITIONS = DEBUG;
				SWIFT_VERSION = 5.0;
				TARGETED_DEVICE_FAMILY = "1,2";
			};
			name = Debug;
		};
		67FD17C025B9DBA200A91931 /* Release */ = {
			isa = XCBuildConfiguration;
			buildSettings = {
				ASSETCATALOG_COMPILER_APPICON_NAME = AppIcon;
				ASSETCATALOG_COMPILER_GLOBAL_ACCENT_COLOR_NAME = AccentColor;
				CLANG_ANALYZER_NONNULL = YES;
				CLANG_ANALYZER_NUMBER_OBJECT_CONVERSION = YES_AGGRESSIVE;
				CLANG_CXX_LANGUAGE_STANDARD = "gnu++14";
				CLANG_ENABLE_OBJC_WEAK = YES;
				CLANG_WARN_NON_LITERAL_NULL_CONVERSION = YES;
				CLANG_WARN_OBJC_LITERAL_CONVERSION = YES;
				CODE_SIGN_STYLE = Automatic;
				COPY_PHASE_STRIP = NO;
				DEBUG_INFORMATION_FORMAT = "dwarf-with-dsym";
				DEVELOPMENT_ASSET_PATHS = "\"performance/Preview Content\"";
				DEVELOPMENT_TEAM = RKX7FEU7U3;
				ENABLE_PREVIEWS = YES;
				GCC_C_LANGUAGE_STANDARD = gnu11;
				INFOPLIST_FILE = performance/Info.plist;
				IPHONEOS_DEPLOYMENT_TARGET = 14.1;
				LD_RUNPATH_SEARCH_PATHS = (
					"$(inherited)",
					"@executable_path/Frameworks",
				);
				MTL_ENABLE_DEBUG_INFO = NO;
				MTL_FAST_MATH = YES;
				PRODUCT_BUNDLE_IDENTIFIER = com.wenderdel.games.stein.performance.performance;
				PRODUCT_NAME = "$(TARGET_NAME)";
				SWIFT_VERSION = 5.0;
				TARGETED_DEVICE_FAMILY = "1,2";
			};
			name = Release;
		};
		AA040663176F9DF40051363A /* Debug */ = {
			isa = XCBuildConfiguration;
			buildSettings = {
				ALWAYS_SEARCH_USER_PATHS = NO;
				CLANG_ANALYZER_LOCALIZABILITY_NONLOCALIZED = YES;
				CLANG_ANALYZER_SECURITY_FLOATLOOPCOUNTER = YES;
				CLANG_ANALYZER_SECURITY_INSECUREAPI_RAND = YES;
				CLANG_ANALYZER_SECURITY_INSECUREAPI_STRCPY = YES;
				CLANG_CXX_LANGUAGE_STANDARD = "gnu++0x";
				CLANG_CXX_LIBRARY = "libc++";
				CLANG_ENABLE_MODULES = YES;
				CLANG_ENABLE_OBJC_ARC = YES;
				CLANG_WARN_ASSIGN_ENUM = YES;
				CLANG_WARN_BLOCK_CAPTURE_AUTORELEASING = YES;
				CLANG_WARN_BOOL_CONVERSION = YES;
				CLANG_WARN_COMMA = YES;
				CLANG_WARN_CONSTANT_CONVERSION = YES;
				CLANG_WARN_DEPRECATED_OBJC_IMPLEMENTATIONS = YES;
				CLANG_WARN_DIRECT_OBJC_ISA_USAGE = YES_ERROR;
				CLANG_WARN_DOCUMENTATION_COMMENTS = YES;
				CLANG_WARN_EMPTY_BODY = YES;
				CLANG_WARN_ENUM_CONVERSION = YES;
				CLANG_WARN_IMPLICIT_SIGN_CONVERSION = YES;
				CLANG_WARN_INFINITE_RECURSION = YES;
				CLANG_WARN_INT_CONVERSION = YES;
				CLANG_WARN_NULLABLE_TO_NONNULL_CONVERSION = YES;
				CLANG_WARN_OBJC_EXPLICIT_OWNERSHIP_TYPE = YES;
				CLANG_WARN_OBJC_IMPLICIT_ATOMIC_PROPERTIES = YES;
				CLANG_WARN_OBJC_IMPLICIT_RETAIN_SELF = YES;
				CLANG_WARN_OBJC_MISSING_PROPERTY_SYNTHESIS = YES;
				CLANG_WARN_OBJC_REPEATED_USE_OF_WEAK = YES;
				CLANG_WARN_OBJC_ROOT_CLASS = YES_ERROR;
				CLANG_WARN_QUOTED_INCLUDE_IN_FRAMEWORK_HEADER = YES;
				CLANG_WARN_RANGE_LOOP_ANALYSIS = YES;
				CLANG_WARN_STRICT_PROTOTYPES = YES;
				CLANG_WARN_SUSPICIOUS_IMPLICIT_CONVERSION = YES;
				CLANG_WARN_SUSPICIOUS_MOVE = YES;
				CLANG_WARN_UNGUARDED_AVAILABILITY = YES_AGGRESSIVE;
				CLANG_WARN_UNREACHABLE_CODE = YES;
				CLANG_WARN__DUPLICATE_METHOD_MATCH = YES;
				"CODE_SIGN_IDENTITY[sdk=iphoneos*]" = "iPhone Developer";
				COPY_PHASE_STRIP = NO;
				DEBUG_INFORMATION_FORMAT = dwarf;
				ENABLE_STRICT_OBJC_MSGSEND = YES;
				ENABLE_TESTABILITY = YES;
				GCC_C_LANGUAGE_STANDARD = c99;
				GCC_DYNAMIC_NO_PIC = NO;
				GCC_NO_COMMON_BLOCKS = YES;
				GCC_OPTIMIZATION_LEVEL = 0;
				GCC_PREPROCESSOR_DEFINITIONS = (
					"DEBUG=1",
					"$(inherited)",
				);
				GCC_TREAT_INCOMPATIBLE_POINTER_TYPE_WARNINGS_AS_ERRORS = YES;
				GCC_WARN_64_TO_32_BIT_CONVERSION = YES;
				GCC_WARN_ABOUT_MISSING_FIELD_INITIALIZERS = YES;
				GCC_WARN_ABOUT_MISSING_NEWLINE = YES;
				GCC_WARN_ABOUT_RETURN_TYPE = YES_ERROR;
				GCC_WARN_FOUR_CHARACTER_CONSTANTS = YES;
				GCC_WARN_INITIALIZER_NOT_FULLY_BRACKETED = YES;
				GCC_WARN_PEDANTIC = YES;
				GCC_WARN_SHADOW = YES;
				GCC_WARN_SIGN_COMPARE = YES;
				GCC_WARN_STRICT_SELECTOR_MATCH = YES;
				GCC_WARN_UNDECLARED_SELECTOR = YES;
				GCC_WARN_UNINITIALIZED_AUTOS = YES_AGGRESSIVE;
				GCC_WARN_UNKNOWN_PRAGMAS = YES;
				GCC_WARN_UNUSED_FUNCTION = YES;
				GCC_WARN_UNUSED_LABEL = YES;
				GCC_WARN_UNUSED_PARAMETER = YES;
				GCC_WARN_UNUSED_VARIABLE = YES;
				ONLY_ACTIVE_ARCH = YES;
				SDKROOT = iphoneos;
				SWIFT_EMIT_LOC_STRINGS = YES;
				SWIFT_OPTIMIZATION_LEVEL = "-Onone";
				WARNING_CFLAGS = "-Weverything";
			};
			name = Debug;
		};
		AA040664176F9DF40051363A /* Release */ = {
			isa = XCBuildConfiguration;
			buildSettings = {
				ALWAYS_SEARCH_USER_PATHS = NO;
				CLANG_ANALYZER_LOCALIZABILITY_NONLOCALIZED = YES;
				CLANG_ANALYZER_SECURITY_FLOATLOOPCOUNTER = YES;
				CLANG_ANALYZER_SECURITY_INSECUREAPI_RAND = YES;
				CLANG_ANALYZER_SECURITY_INSECUREAPI_STRCPY = YES;
				CLANG_CXX_LANGUAGE_STANDARD = "gnu++0x";
				CLANG_CXX_LIBRARY = "libc++";
				CLANG_ENABLE_MODULES = YES;
				CLANG_ENABLE_OBJC_ARC = YES;
				CLANG_WARN_ASSIGN_ENUM = YES;
				CLANG_WARN_BLOCK_CAPTURE_AUTORELEASING = YES;
				CLANG_WARN_BOOL_CONVERSION = YES;
				CLANG_WARN_COMMA = YES;
				CLANG_WARN_CONSTANT_CONVERSION = YES;
				CLANG_WARN_DEPRECATED_OBJC_IMPLEMENTATIONS = YES;
				CLANG_WARN_DIRECT_OBJC_ISA_USAGE = YES_ERROR;
				CLANG_WARN_DOCUMENTATION_COMMENTS = YES;
				CLANG_WARN_EMPTY_BODY = YES;
				CLANG_WARN_ENUM_CONVERSION = YES;
				CLANG_WARN_IMPLICIT_SIGN_CONVERSION = YES;
				CLANG_WARN_INFINITE_RECURSION = YES;
				CLANG_WARN_INT_CONVERSION = YES;
				CLANG_WARN_NULLABLE_TO_NONNULL_CONVERSION = YES;
				CLANG_WARN_OBJC_EXPLICIT_OWNERSHIP_TYPE = YES;
				CLANG_WARN_OBJC_IMPLICIT_ATOMIC_PROPERTIES = YES;
				CLANG_WARN_OBJC_IMPLICIT_RETAIN_SELF = YES;
				CLANG_WARN_OBJC_MISSING_PROPERTY_SYNTHESIS = YES;
				CLANG_WARN_OBJC_REPEATED_USE_OF_WEAK = YES;
				CLANG_WARN_OBJC_ROOT_CLASS = YES_ERROR;
				CLANG_WARN_QUOTED_INCLUDE_IN_FRAMEWORK_HEADER = YES;
				CLANG_WARN_RANGE_LOOP_ANALYSIS = YES;
				CLANG_WARN_STRICT_PROTOTYPES = YES;
				CLANG_WARN_SUSPICIOUS_IMPLICIT_CONVERSION = YES;
				CLANG_WARN_SUSPICIOUS_MOVE = YES;
				CLANG_WARN_UNGUARDED_AVAILABILITY = YES_AGGRESSIVE;
				CLANG_WARN_UNREACHABLE_CODE = YES;
				CLANG_WARN__DUPLICATE_METHOD_MATCH = YES;
				"CODE_SIGN_IDENTITY[sdk=iphoneos*]" = "iPhone Developer";
				COPY_PHASE_STRIP = YES;
				ENABLE_NS_ASSERTIONS = NO;
				ENABLE_STRICT_OBJC_MSGSEND = YES;
				GCC_C_LANGUAGE_STANDARD = c99;
				GCC_NO_COMMON_BLOCKS = YES;
				GCC_TREAT_INCOMPATIBLE_POINTER_TYPE_WARNINGS_AS_ERRORS = YES;
				GCC_WARN_64_TO_32_BIT_CONVERSION = YES;
				GCC_WARN_ABOUT_MISSING_FIELD_INITIALIZERS = YES;
				GCC_WARN_ABOUT_MISSING_NEWLINE = YES;
				GCC_WARN_ABOUT_RETURN_TYPE = YES_ERROR;
				GCC_WARN_FOUR_CHARACTER_CONSTANTS = YES;
				GCC_WARN_INITIALIZER_NOT_FULLY_BRACKETED = YES;
				GCC_WARN_PEDANTIC = YES;
				GCC_WARN_SHADOW = YES;
				GCC_WARN_SIGN_COMPARE = YES;
				GCC_WARN_STRICT_SELECTOR_MATCH = YES;
				GCC_WARN_UNDECLARED_SELECTOR = YES;
				GCC_WARN_UNINITIALIZED_AUTOS = YES_AGGRESSIVE;
				GCC_WARN_UNKNOWN_PRAGMAS = YES;
				GCC_WARN_UNUSED_FUNCTION = YES;
				GCC_WARN_UNUSED_LABEL = YES;
				GCC_WARN_UNUSED_PARAMETER = YES;
				GCC_WARN_UNUSED_VARIABLE = YES;
				SDKROOT = iphoneos;
				SWIFT_COMPILATION_MODE = wholemodule;
				SWIFT_EMIT_LOC_STRINGS = YES;
				SWIFT_OPTIMIZATION_LEVEL = "-O";
				VALIDATE_PRODUCT = YES;
				WARNING_CFLAGS = "-Weverything";
			};
			name = Release;
		};
		AA040669176F9DF40051363A /* Debug */ = {
			isa = XCBuildConfiguration;
			buildSettings = {
				BUNDLE_LOADER = "$(BUILT_PRODUCTS_DIR)/mixtour.app/mixtour";
				CLANG_ENABLE_MODULES = YES;
				GCC_PRECOMPILE_PREFIX_HEADER = YES;
				GCC_PREPROCESSOR_DEFINITIONS = (
					"DEBUG=1",
					"$(inherited)",
				);
				INFOPLIST_FILE = "mixtourTests/mixtourTests-Info.plist";
				LD_RUNPATH_SEARCH_PATHS = (
					"$(inherited)",
					"@executable_path/Frameworks",
					"@loader_path/Frameworks",
				);
				PRODUCT_BUNDLE_IDENTIFIER = "com.wenderdel.games.stein.${PRODUCT_NAME:rfc1034identifier}";
				PRODUCT_NAME = mixtourTests;
				SWIFT_OPTIMIZATION_LEVEL = "-Onone";
				SWIFT_VERSION = 5.0;
				TEST_HOST = "$(BUNDLE_LOADER)";
			};
			name = Debug;
		};
		AA04066A176F9DF40051363A /* Release */ = {
			isa = XCBuildConfiguration;
			buildSettings = {
				BUNDLE_LOADER = "$(BUILT_PRODUCTS_DIR)/mixtour.app/mixtour";
				CLANG_ENABLE_MODULES = YES;
				GCC_PRECOMPILE_PREFIX_HEADER = YES;
				INFOPLIST_FILE = "mixtourTests/mixtourTests-Info.plist";
				LD_RUNPATH_SEARCH_PATHS = (
					"$(inherited)",
					"@executable_path/Frameworks",
					"@loader_path/Frameworks",
				);
				PRODUCT_BUNDLE_IDENTIFIER = "com.wenderdel.games.stein.${PRODUCT_NAME:rfc1034identifier}";
				PRODUCT_NAME = mixtourTests;
				SWIFT_VERSION = 5.0;
				TEST_HOST = "$(BUNDLE_LOADER)";
			};
			name = Release;
		};
/* End XCBuildConfiguration section */

/* Begin XCConfigurationList section */
		675384302593B4B6002F5BEC /* Build configuration list for PBXNativeTarget "mixtour" */ = {
			isa = XCConfigurationList;
			buildConfigurations = (
				675384312593B4B6002F5BEC /* Debug */,
				675384322593B4B6002F5BEC /* Release */,
			);
			defaultConfigurationIsVisible = 0;
			defaultConfigurationName = Release;
		};
		67811B3025BB686A00F7FC72 /* Build configuration list for PBXNativeTarget "MixtourConsole" */ = {
			isa = XCConfigurationList;
			buildConfigurations = (
				67811B3125BB686A00F7FC72 /* Debug */,
				67811B3225BB686A00F7FC72 /* Release */,
			);
			defaultConfigurationIsVisible = 0;
			defaultConfigurationName = Release;
		};
		67FD17C125B9DBA200A91931 /* Build configuration list for PBXNativeTarget "performance" */ = {
			isa = XCConfigurationList;
			buildConfigurations = (
				67FD17BF25B9DBA200A91931 /* Debug */,
				67FD17C025B9DBA200A91931 /* Release */,
			);
			defaultConfigurationIsVisible = 0;
			defaultConfigurationName = Release;
		};
		AA04062E176F9DF40051363A /* Build configuration list for PBXProject "mixtour" */ = {
			isa = XCConfigurationList;
			buildConfigurations = (
				AA040663176F9DF40051363A /* Debug */,
				AA040664176F9DF40051363A /* Release */,
			);
			defaultConfigurationIsVisible = 0;
			defaultConfigurationName = Release;
		};
		AA040668176F9DF40051363A /* Build configuration list for PBXNativeTarget "mixtourTests" */ = {
			isa = XCConfigurationList;
			buildConfigurations = (
				AA040669176F9DF40051363A /* Debug */,
				AA04066A176F9DF40051363A /* Release */,
			);
			defaultConfigurationIsVisible = 0;
			defaultConfigurationName = Release;
		};
/* End XCConfigurationList section */

/* Begin XCSwiftPackageProductDependency section */
		672582E325B9E0680026D993 /* MixModel */ = {
			isa = XCSwiftPackageProductDependency;
			productName = MixModel;
		};
		672582E525B9E06C0026D993 /* Core */ = {
			isa = XCSwiftPackageProductDependency;
			productName = Core;
		};
		675384412593C6D9002F5BEC /* Core */ = {
			isa = XCSwiftPackageProductDependency;
			productName = Core;
		};
		675384432593C6DD002F5BEC /* MixModel */ = {
			isa = XCSwiftPackageProductDependency;
			productName = MixModel;
		};
		67811B3D25BB68C300F7FC72 /* Core */ = {
			isa = XCSwiftPackageProductDependency;
			productName = Core;
		};
		67811B3F25BB68C600F7FC72 /* MixModel */ = {
			isa = XCSwiftPackageProductDependency;
			productName = MixModel;
		};
/* End XCSwiftPackageProductDependency section */
	};
	rootObject = AA04062B176F9DF40051363A /* Project object */;
}
